
Microsoft Visual Studio Solution File, Format Version 12.00
# Visual Studio 2013
<<<<<<< HEAD
VisualStudioVersion = 12.0.31101.0
MinimumVisualStudioVersion = 10.0.40219.1
Project("{8BC9CEB8-8B4A-11D0-8D11-00A0C91BC942}") = "MOOnshineWorks", "Intermediate\ProjectFiles\MOOnshineWorks.vcxproj", "{F7A39E0B-00A2-409F-AB93-2C960B03ECC9}"
=======
Project("{8BC9CEB8-8B4A-11D0-8D11-00A0C91BC942}") = "MOOnshineWorks", "Intermediate\ProjectFiles\MOOnshineWorks.vcxproj", "{F7A39E0B-00A2-409F-AB93-2C960B03ECC9}"
	ProjectSection(ProjectDependencies) = postProject
	EndProjectSection
>>>>>>> Develop
EndProject
Global
	GlobalSection(SolutionConfigurationPlatforms) = preSolution
		DebugGame Editor|Windows = DebugGame Editor|Windows
		DebugGame|Windows = DebugGame|Windows
		Development Editor|Windows = Development Editor|Windows
		Development|Windows = Development|Windows
		Shipping|Windows = Shipping|Windows
	EndGlobalSection
	GlobalSection(ProjectConfigurationPlatforms) = postSolution
		{F7A39E0B-00A2-409F-AB93-2C960B03ECC9}.DebugGame Editor|Windows.ActiveCfg = DebugGame_Editor|x64
		{F7A39E0B-00A2-409F-AB93-2C960B03ECC9}.DebugGame Editor|Windows.Build.0 = DebugGame_Editor|x64
		{F7A39E0B-00A2-409F-AB93-2C960B03ECC9}.DebugGame|Windows.ActiveCfg = DebugGame_Game|x64
		{F7A39E0B-00A2-409F-AB93-2C960B03ECC9}.DebugGame|Windows.Build.0 = DebugGame_Game|x64
		{F7A39E0B-00A2-409F-AB93-2C960B03ECC9}.Development Editor|Windows.ActiveCfg = Development_Editor|x64
		{F7A39E0B-00A2-409F-AB93-2C960B03ECC9}.Development Editor|Windows.Build.0 = Development_Editor|x64
		{F7A39E0B-00A2-409F-AB93-2C960B03ECC9}.Development|Windows.ActiveCfg = Development_Game|x64
		{F7A39E0B-00A2-409F-AB93-2C960B03ECC9}.Development|Windows.Build.0 = Development_Game|x64
		{F7A39E0B-00A2-409F-AB93-2C960B03ECC9}.Shipping|Windows.ActiveCfg = Shipping_Game|Win32
		{F7A39E0B-00A2-409F-AB93-2C960B03ECC9}.Shipping|Windows.Build.0 = Shipping_Game|Win32
	EndGlobalSection
	GlobalSection(SolutionProperties) = preSolution
		HideSolutionNode = FALSE
	EndGlobalSection
	GlobalSection(NestedProjects) = preSolution
	EndGlobalSection
EndGlobal
