// !$*UTF8*$!
{
	archiveVersion = 1;
	classes = {
	};
	objectVersion = 46;
	objects = {

/* Begin PBXBuildFile section */
		6794620630FEBAD2DC3F0D88 /* SpawnVolume.cpp in Sources */ = {isa = PBXBuildFile; fileRef = 172A2FE00FA3A092B5E62089 /* SpawnVolume.cpp */; };
		6A390DB9969161E8BE4F0CF4 /* BatteryPickup.cpp in Sources */ = {isa = PBXBuildFile; fileRef = 3F423ED8C0523730E2E120DB /* BatteryPickup.cpp */; };
		9DB3C79F76F994FE0A529084 /* MOOnshineWorksCharacter.cpp in Sources */ = {isa = PBXBuildFile; fileRef = 2550F952F75F829C8282D79A /* MOOnshineWorksCharacter.cpp */; };
		B48368436A2746BB0D9E6995 /* MOOnshineWorksGameMode.cpp in Sources */ = {isa = PBXBuildFile; fileRef = E97872DDC3C98FCF8D6C94BD /* MOOnshineWorksGameMode.cpp */; };
		BA17F0F9190FC96B2FBA2912 /* MOOnshineWorks.cpp in Sources */ = {isa = PBXBuildFile; fileRef = 6B10EF6C58AD72A2BFBC0026 /* MOOnshineWorks.cpp */; };
		EE3EEA590C6ADA2C929100CA /* XCTest.framework in Frameworks */ = {isa = PBXBuildFile; fileRef = DA2F44CA29214A2137DCF1B8 /* XCTest.framework */; };
		F8EE3A7C52D9DFE2A62935E1 /* Pickup.cpp in Sources */ = {isa = PBXBuildFile; fileRef = 0F1C8B2C8EC6F456C28CBD39 /* Pickup.cpp */; };
/* End PBXBuildFile section */

/* Begin PBXContainerItemProxy section */
		2543E95ABE6FE1549428744A /* PBXContainerItemProxy */ = {
			isa = PBXContainerItemProxy;
			containerPortal = F065836E73C8A2F3415E76E1 /* Project object */;
			proxyType = 1;
			remoteGlobalIDString = 8EDC84F240C130AC4F53FC41;
			remoteInfo = "MOOnshineWorks - Mac";
		};
/* End PBXContainerItemProxy section */

/* Begin PBXFileReference section */
		0F1C8B2C8EC6F456C28CBD39 /* Pickup.cpp */ = {isa = PBXFileReference; lastKnownFileType = sourcecode.cpp.objcpp; name = Pickup.cpp; path = Source/MOOnshineWorks/Private/Pickup.cpp; sourceTree = SOURCE_ROOT; };
		15A34CDBDF6AF17442A5BC38 /* MOOnshineWorks.uproject */ = {isa = PBXFileReference; lastKnownFileType = file.text; path = MOOnshineWorks.uproject; sourceTree = SOURCE_ROOT; };
		172A2FE00FA3A092B5E62089 /* SpawnVolume.cpp */ = {isa = PBXFileReference; lastKnownFileType = sourcecode.cpp.objcpp; name = SpawnVolume.cpp; path = Source/MOOnshineWorks/Private/SpawnVolume.cpp; sourceTree = SOURCE_ROOT; };
		2550F952F75F829C8282D79A /* MOOnshineWorksCharacter.cpp */ = {isa = PBXFileReference; lastKnownFileType = sourcecode.cpp.objcpp; name = MOOnshineWorksCharacter.cpp; path = Source/MOOnshineWorks/Private/MOOnshineWorksCharacter.cpp; sourceTree = SOURCE_ROOT; };
		2D19E2F2734BF246E70BD9BE /* MOOnshineWorksCharacter.h */ = {isa = PBXFileReference; lastKnownFileType = sourcecode.c.h; name = MOOnshineWorksCharacter.h; path = Source/MOOnshineWorks/Public/MOOnshineWorksCharacter.h; sourceTree = SOURCE_ROOT; };
		3F423ED8C0523730E2E120DB /* BatteryPickup.cpp */ = {isa = PBXFileReference; lastKnownFileType = sourcecode.cpp.objcpp; name = BatteryPickup.cpp; path = Source/MOOnshineWorks/Private/BatteryPickup.cpp; sourceTree = SOURCE_ROOT; };
		56F3EA26B079EBBD04D58035 /* MOOnshineWorks.rc */ = {isa = PBXFileReference; lastKnownFileType = file.text; name = MOOnshineWorks.rc; path = Source/MOOnshineWorks/Resources/Windows/MOOnshineWorks.rc; sourceTree = SOURCE_ROOT; };
		5AF5BED3BA91583CD0B049CF /* SpawnVolume.h */ = {isa = PBXFileReference; lastKnownFileType = sourcecode.c.h; name = SpawnVolume.h; path = Source/MOOnshineWorks/Public/SpawnVolume.h; sourceTree = SOURCE_ROOT; };
		5AFC04FBD5F38228F027F30F /* BatteryPickup.h */ = {isa = PBXFileReference; lastKnownFileType = sourcecode.c.h; name = BatteryPickup.h; path = Source/MOOnshineWorks/Public/BatteryPickup.h; sourceTree = SOURCE_ROOT; };
		6625E8CDC53215948FA96C65 /* MOOnshineWorks/Binaries/IOS/Payload/MOOnshineWorks.app */ = {isa = PBXFileReference; explicitFileType = wrapper.application; includeInIndex = 0; name = MOOnshineWorks/Binaries/IOS/Payload/MOOnshineWorks.app; path = MOOnshineWorks.app; sourceTree = BUILT_PRODUCTS_DIR; };
		6B10EF6C58AD72A2BFBC0026 /* MOOnshineWorks.cpp */ = {isa = PBXFileReference; lastKnownFileType = sourcecode.cpp.objcpp; name = MOOnshineWorks.cpp; path = Source/MOOnshineWorks/Private/MOOnshineWorks.cpp; sourceTree = SOURCE_ROOT; };
		6C5905C5B1D5F1E6EBB9395F /* Engine/Binaries/IOS/Payload/UE4CmdLineRun.xctest */ = {isa = PBXFileReference; explicitFileType = wrapper.cfbundle; includeInIndex = 0; name = Engine/Binaries/IOS/Payload/UE4CmdLineRun.xctest; path = UE4CmdLineRun.xctest; sourceTree = BUILT_PRODUCTS_DIR; };
		946A116CFB87339CF0E95285 /* MOOnshineWorks.ico */ = {isa = PBXFileReference; lastKnownFileType = file.text; name = MOOnshineWorks.ico; path = Source/MOOnshineWorks/Resources/Windows/MOOnshineWorks.ico; sourceTree = SOURCE_ROOT; };
		B03F597AB2B51615D8B0AFF4 /* OpenGLES.framework */ = {isa = PBXFileReference; lastKnownFileType = wrapper.framework; name = OpenGLES.framework; path = System/Library/Frameworks/OpenGLES.framework; sourceTree = SDKROOT; };
		B64C3FA889BE2718F09D3BB4 /* MOOnshineWorks.Target.cs */ = {isa = PBXFileReference; lastKnownFileType = file.text; name = MOOnshineWorks.Target.cs; path = Source/MOOnshineWorks.Target.cs; sourceTree = SOURCE_ROOT; };
		CB393D8791A3E41315F82216 /* MOOnshineWorks.h */ = {isa = PBXFileReference; lastKnownFileType = sourcecode.c.h; name = MOOnshineWorks.h; path = Source/MOOnshineWorks/Public/MOOnshineWorks.h; sourceTree = SOURCE_ROOT; };
		D1C6A0CFDB0094D8E35C577D /* libUE4XcodeHelper.a */ = {isa = PBXFileReference; explicitFileType = archive.ar; includeInIndex = 0; path = libUE4XcodeHelper.a; sourceTree = BUILT_PRODUCTS_DIR; };
		D2A29D200257CBB89990085E /* MOOnshineWorks.Build.cs */ = {isa = PBXFileReference; lastKnownFileType = file.text; name = MOOnshineWorks.Build.cs; path = Source/MOOnshineWorks/MOOnshineWorks.Build.cs; sourceTree = SOURCE_ROOT; };
		D9C0999C542D97A8C7B043A0 /* Pickup.h */ = {isa = PBXFileReference; lastKnownFileType = sourcecode.c.h; name = Pickup.h; path = Source/MOOnshineWorks/Public/Pickup.h; sourceTree = SOURCE_ROOT; };
		DA2F44CA29214A2137DCF1B8 /* XCTest.framework */ = {isa = PBXFileReference; lastKnownFileType = wrapper.framework; name = XCTest.framework; path = Library/Frameworks/XCTest.framework; sourceTree = DEVELOPER_DIR; };
		E597618D700086845231AED2 /* MOOnshineWorksGameMode.h */ = {isa = PBXFileReference; lastKnownFileType = sourcecode.c.h; name = MOOnshineWorksGameMode.h; path = Source/MOOnshineWorks/Public/MOOnshineWorksGameMode.h; sourceTree = SOURCE_ROOT; };
		E87B71283A2450FDB3AFA02A /* MOOnshineWorksEditor.Target.cs */ = {isa = PBXFileReference; lastKnownFileType = file.text; name = MOOnshineWorksEditor.Target.cs; path = Source/MOOnshineWorksEditor.Target.cs; sourceTree = SOURCE_ROOT; };
		E97872DDC3C98FCF8D6C94BD /* MOOnshineWorksGameMode.cpp */ = {isa = PBXFileReference; lastKnownFileType = sourcecode.cpp.objcpp; name = MOOnshineWorksGameMode.cpp; path = Source/MOOnshineWorks/Private/MOOnshineWorksGameMode.cpp; sourceTree = SOURCE_ROOT; };
/* End PBXFileReference section */

/* Begin PBXFrameworksBuildPhase section */
		2A38DBB491B423AF6F5B2EC3 /* Frameworks */ = {
			isa = PBXFrameworksBuildPhase;
			buildActionMask = 2147483647;
			files = (
			);
			runOnlyForDeploymentPostprocessing = 0;
		};
		5A273BE58904752506AD7474 /* Frameworks */ = {
			isa = PBXFrameworksBuildPhase;
			buildActionMask = 2147483647;
			files = (
			);
			runOnlyForDeploymentPostprocessing = 0;
		};
		5C2DC354EDE9DF816C3EB183 /* Frameworks */ = {
			isa = PBXFrameworksBuildPhase;
			buildActionMask = 2147483647;
			files = (
				EE3EEA590C6ADA2C929100CA /* XCTest.framework in Frameworks */,
			);
			runOnlyForDeploymentPostprocessing = 0;
		};
/* End PBXFrameworksBuildPhase section */

/* Begin PBXGroup section */
		171293B424B44A22B5F14177 /* Windows */ = {
			isa = PBXGroup;
			children = (
				946A116CFB87339CF0E95285 /* MOOnshineWorks.ico */,
				56F3EA26B079EBBD04D58035 /* MOOnshineWorks.rc */,
			);
			name = Windows;
			path = Source/MOOnshineWorks/Resources/Windows;
			sourceTree = "<group>";
		};
		29E7F796542CD23581EB9949 /* Source */ = {
			isa = PBXGroup;
			children = (
				E2DB2220F04DCA7BF3222605 /* MOOnshineWorks */,
				B64C3FA889BE2718F09D3BB4 /* MOOnshineWorks.Target.cs */,
				E87B71283A2450FDB3AFA02A /* MOOnshineWorksEditor.Target.cs */,
			);
			path = Source;
			sourceTree = "<group>";
		};
		36B8E73EFE71BA712AF8D691 /* Public */ = {
			isa = PBXGroup;
			children = (
				5AFC04FBD5F38228F027F30F /* BatteryPickup.h */,
				CB393D8791A3E41315F82216 /* MOOnshineWorks.h */,
				2D19E2F2734BF246E70BD9BE /* MOOnshineWorksCharacter.h */,
				E597618D700086845231AED2 /* MOOnshineWorksGameMode.h */,
				D9C0999C542D97A8C7B043A0 /* Pickup.h */,
				5AF5BED3BA91583CD0B049CF /* SpawnVolume.h */,
			);
			name = Public;
			path = Source/MOOnshineWorks/Public;
			sourceTree = "<group>";
		};
		91E58DACB3D879E4616519EA = {
			isa = PBXGroup;
			children = (
				29E7F796542CD23581EB9949 /* Source */,
				9BEDAA895814F11402F6FD86 /* Products */,
				E0D5E37E44FE18C071C6F760 /* Frameworks */,
				15A34CDBDF6AF17442A5BC38 /* MOOnshineWorks.uproject */,
			);
			sourceTree = "<group>";
		};
		93DFE9180935B8B8BCFFBFC2 /* Private */ = {
			isa = PBXGroup;
			children = (
				3F423ED8C0523730E2E120DB /* BatteryPickup.cpp */,
				6B10EF6C58AD72A2BFBC0026 /* MOOnshineWorks.cpp */,
				2550F952F75F829C8282D79A /* MOOnshineWorksCharacter.cpp */,
				E97872DDC3C98FCF8D6C94BD /* MOOnshineWorksGameMode.cpp */,
				0F1C8B2C8EC6F456C28CBD39 /* Pickup.cpp */,
				172A2FE00FA3A092B5E62089 /* SpawnVolume.cpp */,
			);
			name = Private;
			path = Source/MOOnshineWorks/Private;
			sourceTree = "<group>";
		};
		9BEDAA895814F11402F6FD86 /* Products */ = {
			isa = PBXGroup;
			children = (
				D1C6A0CFDB0094D8E35C577D /* libUE4XcodeHelper.a */,
				6C5905C5B1D5F1E6EBB9395F /* Engine/Binaries/IOS/Payload/UE4CmdLineRun.xctest */,
				6625E8CDC53215948FA96C65 /* MOOnshineWorks/Binaries/IOS/Payload/MOOnshineWorks.app */,
			);
			name = Products;
			sourceTree = "<group>";
		};
		A4D32B104BE749A39DA457B5 /* Resources */ = {
			isa = PBXGroup;
			children = (
				171293B424B44A22B5F14177 /* Windows */,
			);
			name = Resources;
			path = Source/MOOnshineWorks/Resources;
			sourceTree = "<group>";
		};
		E0D5E37E44FE18C071C6F760 /* Frameworks */ = {
			isa = PBXGroup;
			children = (
				B03F597AB2B51615D8B0AFF4 /* OpenGLES.framework */,
				DA2F44CA29214A2137DCF1B8 /* XCTest.framework */,
			);
			name = Frameworks;
			sourceTree = "<group>";
		};
		E2DB2220F04DCA7BF3222605 /* MOOnshineWorks */ = {
			isa = PBXGroup;
			children = (
				93DFE9180935B8B8BCFFBFC2 /* Private */,
				36B8E73EFE71BA712AF8D691 /* Public */,
				A4D32B104BE749A39DA457B5 /* Resources */,
				D2A29D200257CBB89990085E /* MOOnshineWorks.Build.cs */,
			);
			name = MOOnshineWorks;
			path = Source/MOOnshineWorks;
			sourceTree = "<group>";
		};
/* End PBXGroup section */

/* Begin PBXLegacyTarget section */
		21D9D0723294109053C165D6 /* MOOnshineWorksEditor - Mac */ = {
			isa = PBXLegacyTarget;
			buildArgumentsString = "$(ACTION) MOOnshineWorksEditor $(PLATFORM_NAME) $(CONFIGURATION) \"$(PROJECT_DIR)/MOOnshineWorks.uproject\"";
			buildConfigurationList = C6B2FF7FBB0C6ED89AB58424 /* Build configuration list for PBXLegacyTarget "MOOnshineWorksEditor - Mac" */;
			buildPhases = (
			);
			buildToolPath = /Users/Shared/UnrealEngine/4.5/Engine/Build/BatchFiles/Mac/RocketBuild.sh;
			buildWorkingDirectory = /Users/Shared/UnrealEngine/4.5;
			dependencies = (
			);
			name = "MOOnshineWorksEditor - Mac";
			passBuildSettingsInEnvironment = 0;
			productName = "MOOnshineWorksEditor - Mac";
		};
		8EDC84F240C130AC4F53FC41 /* MOOnshineWorks - Mac */ = {
			isa = PBXLegacyTarget;
			buildArgumentsString = "$(ACTION) MOOnshineWorks $(PLATFORM_NAME) $(CONFIGURATION) \"$(PROJECT_DIR)/MOOnshineWorks.uproject\"";
			buildConfigurationList = 3397B24CD189DA9D64548528 /* Build configuration list for PBXLegacyTarget "MOOnshineWorks - Mac" */;
			buildPhases = (
			);
			buildToolPath = /Users/Shared/UnrealEngine/4.5/Engine/Build/BatchFiles/Mac/RocketBuild.sh;
			buildWorkingDirectory = /Users/Shared/UnrealEngine/4.5;
			dependencies = (
			);
			name = "MOOnshineWorks - Mac";
			passBuildSettingsInEnvironment = 0;
			productName = "MOOnshineWorks - Mac";
		};
/* End PBXLegacyTarget section */

/* Begin PBXNativeTarget section */
		29A0CBF10248C211A6964760 /* UE4CmdLineRun */ = {
			isa = PBXNativeTarget;
			buildConfigurationList = 6028181650C886C91A9FBED0 /* Build configuration list for PBXNativeTarget "UE4CmdLineRun" */;
			buildPhases = (
				6857F8EAE30E1EA7348C407F /* Sources */,
				5C2DC354EDE9DF816C3EB183 /* Frameworks */,
				3B94DB3A25CD17AF074EA793 /* ShellScript */,
			);
			buildRules = (
			);
			dependencies = (
			);
			name = UE4CmdLineRun;
			productName = UE4CmdLineRun;
			productReference = 6C5905C5B1D5F1E6EBB9395F /* Engine/Binaries/IOS/Payload/UE4CmdLineRun.xctest */;
			productType = "com.apple.product-type.bundle.unit-test";
		};
		A5628470F317DFBC0AC94CF2 /* UE4XcodeHelper */ = {
			isa = PBXNativeTarget;
			buildConfigurationList = 71691D23B02BEEDBB5650509 /* Build configuration list for PBXNativeTarget "UE4XcodeHelper" */;
			buildPhases = (
				FEEA0ACBF22F717F5CD7FC7F /* Sources */,
				5A273BE58904752506AD7474 /* Frameworks */,
				B055C80CF81A0379101047B9 /* ShellScript */,
			);
			buildRules = (
			);
			dependencies = (
			);
			name = UE4XcodeHelper;
			productName = UE4XcodeHelper;
			productReference = D1C6A0CFDB0094D8E35C577D /* libUE4XcodeHelper.a */;
			productType = "com.apple.product-type.library.static";
		};
		A642C9A4EACF852E707BE498 /* MOOnshineWorks - iOS */ = {
			isa = PBXNativeTarget;
			buildConfigurationList = C9593CE068915DC38157E739 /* Build configuration list for PBXNativeTarget "MOOnshineWorks - iOS" */;
			buildPhases = (
				43FF059A291EA3F7D26D7626 /* Sources */,
				2A38DBB491B423AF6F5B2EC3 /* Frameworks */,
				29FC17BCBC00AB4007D219E1 /* ShellScript */,
			);
			buildRules = (
			);
			dependencies = (
				4CD3C1AEC16D37E04EBBD2C6 /* PBXTargetDependency */,
			);
			name = "MOOnshineWorks - iOS";
			productName = "MOOnshineWorks - iOS";
			productReference = 6625E8CDC53215948FA96C65 /* MOOnshineWorks/Binaries/IOS/Payload/MOOnshineWorks.app */;
			productType = "com.apple.product-type.application";
		};
/* End PBXNativeTarget section */

/* Begin PBXProject section */
		F065836E73C8A2F3415E76E1 /* Project object */ = {
			isa = PBXProject;
			attributes = {
				LastUpgradeCheck = 0610;
				ORGANIZATIONNAME = EpicGames;
			};
			buildConfigurationList = 6C80F057548241D7663CECC5 /* Build configuration list for PBXProject "MOOnshineWorks" */;
			compatibilityVersion = "Xcode 3.2";
			developmentRegion = English;
			hasScannedForEncodings = 0;
			knownRegions = (
				en,
			);
			mainGroup = 91E58DACB3D879E4616519EA;
			productRefGroup = 9BEDAA895814F11402F6FD86 /* Products */;
			projectDirPath = "";
			projectRoot = "";
			targets = (
				A5628470F317DFBC0AC94CF2 /* UE4XcodeHelper */,
				29A0CBF10248C211A6964760 /* UE4CmdLineRun */,
				8EDC84F240C130AC4F53FC41 /* MOOnshineWorks - Mac */,
				A642C9A4EACF852E707BE498 /* MOOnshineWorks - iOS */,
				21D9D0723294109053C165D6 /* MOOnshineWorksEditor - Mac */,
			);
		};
/* End PBXProject section */

/* Begin PBXShellScriptBuildPhase section */
		29FC17BCBC00AB4007D219E1 /* ShellScript */ = {
			isa = PBXShellScriptBuildPhase;
			buildActionMask = 2147483647;
			files = (
			);
			runOnlyForDeploymentPostprocessing = 0;
			shellPath = /bin/sh;
			shellScript = "if [ $DEPLOYMENT_LOCATION = \"YES\" ]\nthen\ncp -R MOOnshineWorks/Binaries/IOS/Payload/MOOnshineWorks.app/ $DSTROOT/$LOCAL_APPS_DIR/MOOnshineWorks.app\nfi";
		};
		3B94DB3A25CD17AF074EA793 /* ShellScript */ = {
			isa = PBXShellScriptBuildPhase;
			buildActionMask = 2147483647;
			files = (
			);
			runOnlyForDeploymentPostprocessing = 0;
			shellPath = /bin/sh;
			shellScript = "if [ $DEPLOYMENT_LOCATION = \"YES\" ]\nthen\ncp -R Engine/Binaries/IOS/Payload/UE4CmdLineRun.xctest/ $DSTROOT/$LOCAL_APPS_DIR/UE4CmdLineRun.xctest\nfi";
		};
		B055C80CF81A0379101047B9 /* ShellScript */ = {
			isa = PBXShellScriptBuildPhase;
			buildActionMask = 2147483647;
			files = (
			);
			runOnlyForDeploymentPostprocessing = 0;
			shellPath = /bin/sh;
			shellScript = "if [ $DEPLOYMENT_LOCATION = \"YES\" ]\nthen\ncp -R Engine/Binaries/IOS/Payload/libUE4XcodeHelper.a/ $DSTROOT/$LOCAL_APPS_DIR/libUE4XcodeHelper.a\nfi";
		};
/* End PBXShellScriptBuildPhase section */

/* Begin PBXSourcesBuildPhase section */
		43FF059A291EA3F7D26D7626 /* Sources */ = {
			isa = PBXSourcesBuildPhase;
			buildActionMask = 2147483647;
			files = (
			);
			runOnlyForDeploymentPostprocessing = 0;
		};
		6857F8EAE30E1EA7348C407F /* Sources */ = {
			isa = PBXSourcesBuildPhase;
			buildActionMask = 2147483647;
			files = (
			);
			runOnlyForDeploymentPostprocessing = 0;
		};
		FEEA0ACBF22F717F5CD7FC7F /* Sources */ = {
			isa = PBXSourcesBuildPhase;
			buildActionMask = 2147483647;
			files = (
				6A390DB9969161E8BE4F0CF4 /* BatteryPickup.cpp in Sources */,
				BA17F0F9190FC96B2FBA2912 /* MOOnshineWorks.cpp in Sources */,
				9DB3C79F76F994FE0A529084 /* MOOnshineWorksCharacter.cpp in Sources */,
				B48368436A2746BB0D9E6995 /* MOOnshineWorksGameMode.cpp in Sources */,
				F8EE3A7C52D9DFE2A62935E1 /* Pickup.cpp in Sources */,
				6794620630FEBAD2DC3F0D88 /* SpawnVolume.cpp in Sources */,
			);
			runOnlyForDeploymentPostprocessing = 0;
		};
/* End PBXSourcesBuildPhase section */

/* Begin PBXTargetDependency section */
		4CD3C1AEC16D37E04EBBD2C6 /* PBXTargetDependency */ = {
			isa = PBXTargetDependency;
			target = 8EDC84F240C130AC4F53FC41 /* MOOnshineWorks - Mac */;
			targetProxy = 2543E95ABE6FE1549428744A /* PBXContainerItemProxy */;
		};
/* End PBXTargetDependency section */

/* Begin XCBuildConfiguration section */
		0CEFAB5A1899CC75420A1B8D /* Development */ = {
			isa = XCBuildConfiguration;
			buildSettings = {
				ALWAYS_SEARCH_USER_PATHS = NO;
				BUNDLE_LOADER = Binaries/IOS/Payload/UE4CmdLineRun.app/UE4CmdLineRun;
				CLANG_CXX_LANGUAGE_STANDARD = "gnu++0x";
				CLANG_CXX_LIBRARY = "libc++";
				CLANG_ENABLE_MODULES = YES;
				CLANG_ENABLE_OBJC_ARC = YES;
				CODE_SIGN_IDENTITY = "iPhone Developer";
				CODE_SIGN_RESOURCE_RULES_PATH = /Users/Shared/UnrealEngine/4.5/Engine/Build/iOS/XcodeSupportFiles/CustomResourceRules.plist;
				CONFIGURATION_BUILD_DIR = Binaries/IOS/Payload;
				COPY_PHASE_STRIP = NO;
				DYNAMIC_NO_PIC = NO;
				FRAMEWORK_SEARCH_PATHS = (
					"$(SDKROOT)/Developer/Library/Frameworks",
					"$(inherited)",
					"$(DEVELOPER_FRAMEWORKS_DIR)",
				);
				GCC_C_LANGUAGE_STANDARD = gnu99;
				GCC_PRECOMPILE_PREFIX_HEADER = NO;
				GCC_PREPROCESSOR_DEFINITIONS = "";
				GCC_SYMBOLS_PRIVATE_EXTERN = NO;
				HEADER_SEARCH_PATHS = "";
				INFOPLIST_FILE = "/Users/Shared/UnrealEngine/4.5/Engine/Build/IOS/UE4CmdLineRun/UE4CmdLineRun-Info.plist";
				IPHONEOS_DEPLOYMENT_TARGET = 7.0;
				OBJROOT = Intermediate/IOS/build;
				ONLY_ACTIVE_ARCH = NO;
				OPTIMIZATION_LEVEL = 0;
				PRODUCT_NAME = "$(TARGET_NAME)";
				SDKROOT = iphoneos;
				SUPPORTED_PLATFORMS = "iphoneos iphonesimulator";
				SYMROOT = Binaries/IOS;
				TEST_HOST = "$(BUNDLE_LOADER)";
				USER_HEADER_SEARCH_PATHS = "";
				WRAPPER_EXTENSION = xctest;
			};
			name = Development;
		};
		1654B573D83F1CDE6DF27747 /* Shipping */ = {
			isa = XCBuildConfiguration;
			buildSettings = {
				ALWAYS_SEARCH_USER_PATHS = NO;
				BUNDLE_LOADER = Binaries/IOS/Payload/UE4CmdLineRun.app/UE4CmdLineRun;
				CLANG_CXX_LANGUAGE_STANDARD = "gnu++0x";
				CLANG_CXX_LIBRARY = "libc++";
				CLANG_ENABLE_MODULES = YES;
				CLANG_ENABLE_OBJC_ARC = YES;
				CODE_SIGN_IDENTITY = "iPhone Developer";
				CODE_SIGN_RESOURCE_RULES_PATH = /Users/Shared/UnrealEngine/4.5/Engine/Build/iOS/XcodeSupportFiles/CustomResourceRules.plist;
				CONFIGURATION_BUILD_DIR = Binaries/IOS/Payload;
				COPY_PHASE_STRIP = NO;
				DYNAMIC_NO_PIC = NO;
				FRAMEWORK_SEARCH_PATHS = (
					"$(SDKROOT)/Developer/Library/Frameworks",
					"$(inherited)",
					"$(DEVELOPER_FRAMEWORKS_DIR)",
				);
				GCC_C_LANGUAGE_STANDARD = gnu99;
				GCC_PRECOMPILE_PREFIX_HEADER = NO;
				GCC_PREPROCESSOR_DEFINITIONS = "";
				GCC_SYMBOLS_PRIVATE_EXTERN = NO;
				HEADER_SEARCH_PATHS = "";
				INFOPLIST_FILE = "/Users/Shared/UnrealEngine/4.5/Engine/Build/IOS/UE4CmdLineRun/UE4CmdLineRun-Info.plist";
				IPHONEOS_DEPLOYMENT_TARGET = 7.0;
				OBJROOT = Intermediate/IOS/build;
				ONLY_ACTIVE_ARCH = NO;
				OPTIMIZATION_LEVEL = 0;
				PRODUCT_NAME = "$(TARGET_NAME)";
				SDKROOT = iphoneos;
				SUPPORTED_PLATFORMS = "iphoneos iphonesimulator";
				SYMROOT = Binaries/IOS;
				TEST_HOST = "$(BUNDLE_LOADER)";
				USER_HEADER_SEARCH_PATHS = "";
				WRAPPER_EXTENSION = xctest;
			};
			name = Shipping;
		};
		2165E139F0A34D8E3CE54651 /* Shipping */ = {
			isa = XCBuildConfiguration;
			buildSettings = {
				ALWAYS_SEARCH_USER_PATHS = NO;
				CLANG_CXX_LANGUAGE_STANDARD = "c++0x";
				GCC_ENABLE_CPP_RTTI = NO;
				GCC_PREPROCESSOR_DEFINITIONS = (
					"UE_GAME=1",
					"IS_PROGRAM=0",
					"UE_ROCKET=1",
					UNICODE,
					_UNICODE,
					__UNREAL__,
					"IS_MONOLITHIC=1",
					"WITH_ENGINE=1",
					"WITH_UNREAL_DEVELOPER_TOOLS=0",
					"WITH_COREUOBJECT=1",
					"USE_STATS_WITHOUT_ENGINE=0",
					"WITH_PLUGIN_SUPPORT=0",
					"USE_LOGGING_IN_SHIPPING=0",
					"UE_BUILD_MINIMAL=1",
					"WITH_EDITOR=1",
					"WITH_EDITORONLY_DATA=1",
					"WITH_SERVER_CODE=1",
					"UBT_COMPILED_PLATFORM=Mac",
					"PLATFORM_MAC=1",
					"PLATFORM_APPLE=1",
					"WITH_TTS=0",
					"WITH_SPEECH_RECOGNITION=0",
					"WITH_DATABASE_SUPPORT=0",
					"NDEBUG=1",
					"UE_BUILD_DEVELOPMENT=1",
					"UE_PROJECT_NAME=MOOnshineWorks",
					"MOONSHINEWORKS_API=",
					"UE_ENABLE_ICU=1",
					"WITH_STEAMWORKS=0",
					"WITH_DIRECTXMATH=0",
					"CORE_API=",
					"COREUOBJECT_API=",
					"WITH_PHYSX=1",
					"WITH_APEX=1",
					WITH_RUNTIME_PHYSICS_COOKING,
					"WITH_BOX2D=0",
					"WITH_RECAST=1",
					"ENGINE_API=",
					"WITH_FREETYPE=1",
					"SLATE_API=",
					"INPUTCORE_API=",
					"SLATECORE_API=",
					"MESSAGING_API=",
					"RENDERCORE_API=",
					"RHI_API=",
					"SHADERCORE_API=",
					"ASSETREGISTRY_API=",
					"ENGINEMESSAGES_API=",
					"ENGINESETTINGS_API=",
					"SYNTHBENCHMARK_API=",
					"RENDERER_API=",
					"AIMODULE_API=",
					"UE_EDITOR=1",
					"UNREALED_API=",
					"BSPMODE_API=",
					"DOCUMENTATION_API=",
					"PROJECTS_API=",
					"SANDBOXFILE_API=",
					"EDITORSTYLE_API=",
					"SOURCECONTROL_API=",
					"UNREALEDMESSAGES_API=",
					"BLUEPRINTGRAPH_API=",
					"USERFEEDBACK_API=",
					"COLLECTIONMANAGER_API=",
					"KISMET_API=",
					"MONOLITHIC_BUILD=1",
				);
				GCC_WARN_CHECK_SWITCH_STATEMENTS = NO;
				HEADER_SEARCH_PATHS = "";
				ONLY_ACTIVE_ARCH = NO;
				SDKROOT = macosx;
				SUPPORTED_PLATFORMS = macosx;
				SYMROOT = Intermediate/Build;
				USER_HEADER_SEARCH_PATHS = "/Users/Shared/UnrealEngine/4.5/Engine/Source Source Intermediate/Build/Mac/MOOnshineWorks/Inc/MOOnshineWorks Source/MOOnshineWorks/Public /Users/Shared/UnrealEngine/4.5/Engine/Source/Runtime/Core/Public /Users/Shared/UnrealEngine/4.5/Engine/Source/Runtime/Core/Public/Internationalization /Users/Shared/UnrealEngine/4.5/Engine/Source/Runtime/Core/Public/Async /Users/Shared/UnrealEngine/4.5/Engine/Source/Runtime/Core/Public/Concurrency /Users/Shared/UnrealEngine/4.5/Engine/Source/Runtime/Core/Public/Containers /Users/Shared/UnrealEngine/4.5/Engine/Source/Runtime/Core/Public/Delegates /Users/Shared/UnrealEngine/4.5/Engine/Source/Runtime/Core/Public/GenericPlatform /Users/Shared/UnrealEngine/4.5/Engine/Source/Runtime/Core/Public/HAL /Users/Shared/UnrealEngine/4.5/Engine/Source/Runtime/Core/Public/Logging /Users/Shared/UnrealEngine/4.5/Engine/Source/Runtime/Core/Public/Math /Users/Shared/UnrealEngine/4.5/Engine/Source/Runtime/Core/Public/Misc /Users/Shared/UnrealEngine/4.5/Engine/Source/Runtime/Core/Public/Modules /Users/Shared/UnrealEngine/4.5/Engine/Source/Runtime/Core/Public/Modules/Boilerplate /Users/Shared/UnrealEngine/4.5/Engine/Source/Runtime/Core/Public/ProfilingDebugging /Users/Shared/UnrealEngine/4.5/Engine/Source/Runtime/Core/Public/Serialization /Users/Shared/UnrealEngine/4.5/Engine/Source/Runtime/Core/Public/Serialization/Json /Users/Shared/UnrealEngine/4.5/Engine/Source/Runtime/Core/Public/Serialization/Csv /Users/Shared/UnrealEngine/4.5/Engine/Source/Runtime/Core/Public/Stats /Users/Shared/UnrealEngine/4.5/Engine/Source/Runtime/Core/Public/Templates /Users/Shared/UnrealEngine/4.5/Engine/Source/Runtime/Core/Public/UObject /Users/Shared/UnrealEngine/4.5/Engine/Source/Runtime/Core/Public/Apple /Users/Shared/UnrealEngine/4.5/Engine/Source/Runtime/Core/Public/Mac /Users/Shared/UnrealEngine/4.5/Engine/Source/Runtime/Core /Users/Shared/UnrealEngine/4.5/Engine/Source/Runtime/CoreUObject/Classes /Users/Shared/UnrealEngine/4.5/Engine/Intermediate/Build/Mac/Inc/CoreUObject /Users/Shared/UnrealEngine/4.5/Engine/Source/Runtime/CoreUObject/Public /Users/Shared/UnrealEngine/4.5/Engine/Source/Runtime/CoreUObject/Public/Blueprint /Users/Shared/UnrealEngine/4.5/Engine/Source/Runtime/CoreUObject/Public/Misc /Users/Shared/UnrealEngine/4.5/Engine/Source/Runtime/CoreUObject/Public/Serialization /Users/Shared/UnrealEngine/4.5/Engine/Source/Runtime/CoreUObject/Public/Templates /Users/Shared/UnrealEngine/4.5/Engine/Source/Runtime/CoreUObject/Public/UObject /Users/Shared/UnrealEngine/4.5/Engine/Source/Runtime/CoreUObject /Users/Shared/UnrealEngine/4.5/Engine/Source/Runtime/Engine/Classes /Users/Shared/UnrealEngine/4.5/Engine/Intermediate/Build/Mac/Inc/Engine /Users/Shared/UnrealEngine/4.5/Engine/Source/Runtime/Engine/Public /Users/Shared/UnrealEngine/4.5/Engine/Source/Runtime/Engine/Public/AI /Users/Shared/UnrealEngine/4.5/Engine/Source/Runtime/Engine/Public/EdGraph /Users/Shared/UnrealEngine/4.5/Engine/Source/Runtime/Engine/Public/Features /Users/Shared/UnrealEngine/4.5/Engine/Source/Runtime/Engine/Public/Landscape /Users/Shared/UnrealEngine/4.5/Engine/Source/Runtime/Engine/Public/Net /Users/Shared/UnrealEngine/4.5/Engine/Source/Runtime/Engine/Public/Slate /Users/Shared/UnrealEngine/4.5/Engine/Source/Runtime/Engine/Public/Tests /Users/Shared/UnrealEngine/4.5/Engine/Source/Runtime/Engine/Public/AI/Navigation /Users/Shared/UnrealEngine/4.5/Engine/Intermediate/Build/Mac/Inc/Slate /Users/Shared/UnrealEngine/4.5/Engine/Source/Runtime/Slate/Public /Users/Shared/UnrealEngine/4.5/Engine/Source/Runtime/Slate/Public/Framework /Users/Shared/UnrealEngine/4.5/Engine/Source/Runtime/Slate/Public/Widgets /Users/Shared/UnrealEngine/4.5/Engine/Source/Runtime/Slate/Public/Framework/Application /Users/Shared/UnrealEngine/4.5/Engine/Source/Runtime/Slate/Public/Framework/Commands /Users/Shared/UnrealEngine/4.5/Engine/Source/Runtime/Slate/Public/Framework/Docking /Users/Shared/UnrealEngine/4.5/Engine/Source/Runtime/Slate/Public/Framework/Layout /Users/Shared/UnrealEngine/4.5/Engine/Source/Runtime/Slate/Public/Framework/MultiBox /Users/Shared/UnrealEngine/4.5/Engine/Source/Runtime/Slate/Public/Framework/Notifications /Users/Shared/UnrealEngine/4.5/Engine/Source/Runtime/Slate/Public/Framework/Styling /Users/Shared/UnrealEngine/4.5/Engine/Source/Runtime/Slate/Public/Framework/Text /Users/Shared/UnrealEngine/4.5/Engine/Source/Runtime/Slate/Public/Framework/Views /Users/Shared/UnrealEngine/4.5/Engine/Source/Runtime/Slate/Public/Framework/Text/IOS /Users/Shared/UnrealEngine/4.5/Engine/Source/Runtime/Slate/Public/Widgets/Colors /Users/Shared/UnrealEngine/4.5/Engine/Source/Runtime/Slate/Public/Widgets/Docking /Users/Shared/UnrealEngine/4.5/Engine/Source/Runtime/Slate/Public/Widgets/Images /Users/Shared/UnrealEngine/4.5/Engine/Source/Runtime/Slate/Public/Widgets/Input /Users/Shared/UnrealEngine/4.5/Engine/Source/Runtime/Slate/Public/Widgets/Layout /Users/Shared/UnrealEngine/4.5/Engine/Source/Runtime/Slate/Public/Widgets/Navigation /Users/Shared/UnrealEngine/4.5/Engine/Source/Runtime/Slate/Public/Widgets/Notifications /Users/Shared/UnrealEngine/4.5/Engine/Source/Runtime/Slate/Public/Widgets/Text /Users/Shared/UnrealEngine/4.5/Engine/Source/Runtime/Slate/Public/Widgets/Views /Users/Shared/UnrealEngine/4.5/Engine/Source/Runtime/InputCore/Classes /Users/Shared/UnrealEngine/4.5/Engine/Intermediate/Build/Mac/Inc/InputCore /Users/Shared/UnrealEngine/4.5/Engine/Source/Runtime/InputCore/Public /Users/Shared/UnrealEngine/4.5/Engine/Source/Runtime/InputCore /Users/Shared/UnrealEngine/4.5/Engine/Intermediate/Build/Mac/Inc/SlateCore /Users/Shared/UnrealEngine/4.5/Engine/Source/Runtime/SlateCore/Public /Users/Shared/UnrealEngine/4.5/Engine/Source/Runtime/SlateCore/Public/Animation /Users/Shared/UnrealEngine/4.5/Engine/Source/Runtime/SlateCore/Public/Application /Users/Shared/UnrealEngine/4.5/Engine/Source/Runtime/SlateCore/Public/Brushes /Users/Shared/UnrealEngine/4.5/Engine/Source/Runtime/SlateCore/Public/Fonts /Users/Shared/UnrealEngine/4.5/Engine/Source/Runtime/SlateCore/Public/Input /Users/Shared/UnrealEngine/4.5/Engine/Source/Runtime/SlateCore/Public/Layout /Users/Shared/UnrealEngine/4.5/Engine/Source/Runtime/SlateCore/Public/Logging /Users/Shared/UnrealEngine/4.5/Engine/Source/Runtime/SlateCore/Public/Rendering /Users/Shared/UnrealEngine/4.5/Engine/Source/Runtime/SlateCore/Public/Sound /Users/Shared/UnrealEngine/4.5/Engine/Source/Runtime/SlateCore/Public/Styling /Users/Shared/UnrealEngine/4.5/Engine/Source/Runtime/SlateCore/Public/Textures /Users/Shared/UnrealEngine/4.5/Engine/Source/Runtime/SlateCore/Public/Types /Users/Shared/UnrealEngine/4.5/Engine/Source/Runtime/SlateCore/Public/Widgets /Users/Shared/UnrealEngine/4.5/Engine/Source/Runtime/SlateCore /Users/Shared/UnrealEngine/4.5/Engine/Source/Runtime/Slate /Users/Shared/UnrealEngine/4.5/Engine/Intermediate/Build/Mac/Inc/Messaging /Users/Shared/UnrealEngine/4.5/Engine/Source/Runtime/Messaging/Public /Users/Shared/UnrealEngine/4.5/Engine/Source/Runtime/Messaging/Public/Common /Users/Shared/UnrealEngine/4.5/Engine/Source/Runtime/Messaging/Public/Interfaces /Users/Shared/UnrealEngine/4.5/Engine/Source/Runtime/Messaging /Users/Shared/UnrealEngine/4.5/Engine/Intermediate/Build/Mac/Inc/RenderCore /Users/Shared/UnrealEngine/4.5/Engine/Source/Runtime/RenderCore/Public /Users/Shared/UnrealEngine/4.5/Engine/Source/Runtime/RenderCore /Users/Shared/UnrealEngine/4.5/Engine/Intermediate/Build/Mac/Inc/RHI /Users/Shared/UnrealEngine/4.5/Engine/Source/Runtime/RHI/Public /Users/Shared/UnrealEngine/4.5/Engine/Source/Runtime/RHI /Users/Shared/UnrealEngine/4.5/Engine/Intermediate/Build/Mac/Inc/ShaderCore /Users/Shared/UnrealEngine/4.5/Engine/Source/Runtime/ShaderCore/Public /Users/Shared/UnrealEngine/4.5/Engine/Source/Runtime/ShaderCore /Users/Shared/UnrealEngine/4.5/Engine/Intermediate/Build/Mac/Inc/AssetRegistry /Users/Shared/UnrealEngine/4.5/Engine/Source/Runtime/AssetRegistry/Public /Users/Shared/UnrealEngine/4.5/Engine/Source/Runtime/AssetRegistry /Users/Shared/UnrealEngine/4.5/Engine/Source/Runtime/EngineMessages/Classes /Users/Shared/UnrealEngine/4.5/Engine/Intermediate/Build/Mac/Inc/EngineMessages /Users/Shared/UnrealEngine/4.5/Engine/Source/Runtime/EngineMessages/Public /Users/Shared/UnrealEngine/4.5/Engine/Source/Runtime/EngineMessages /Users/Shared/UnrealEngine/4.5/Engine/Source/Runtime/EngineSettings/Classes /Users/Shared/UnrealEngine/4.5/Engine/Intermediate/Build/Mac/Inc/EngineSettings /Users/Shared/UnrealEngine/4.5/Engine/Source/Runtime/EngineSettings/Public /Users/Shared/UnrealEngine/4.5/Engine/Source/Runtime/EngineSettings /Users/Shared/UnrealEngine/4.5/Engine/Intermediate/Build/Mac/Inc/SynthBenchmark /Users/Shared/UnrealEngine/4.5/Engine/Source/Developer/SynthBenchmark/Public /Users/Shared/UnrealEngine/4.5/Engine/Intermediate/Build/Mac/Inc/Renderer /Users/Shared/UnrealEngine/4.5/Engine/Source/Runtime/Renderer/Public /Users/Shared/UnrealEngine/4.5/Engine/Source/Runtime/Renderer /Users/Shared/UnrealEngine/4.5/Engine/Source/Developer/SynthBenchmark /Users/Shared/UnrealEngine/4.5/Engine/Source/Runtime/AIModule/Public /Users/Shared/UnrealEngine/4.5/Engine/Source/Runtime/AIModule/Classes /Users/Shared/UnrealEngine/4.5/Engine/Intermediate/Build/Mac/Inc/AIModule /Users/Shared/UnrealEngine/4.5/Engine/Source/Runtime/AIModule /Users/Shared/UnrealEngine/4.5/Engine/Source/Runtime/Engine Source/MOOnshineWorks Intermediate/Build/Mac/Inc/MOOnshineWorks /Users/Shared/UnrealEngine/4.5/Engine/Source/Programs/UnrealLightmass/Public /Users/Shared/UnrealEngine/4.5/Engine/Source/Editor/UnrealEd/Classes /Users/Shared/UnrealEngine/4.5/Engine/Intermediate/Build/Mac/Inc/UnrealEd /Users/Shared/UnrealEngine/4.5/Engine/Source/Editor/UnrealEd/Public /Users/Shared/UnrealEngine/4.5/Engine/Source/Editor/UnrealEd/Public/Commandlets /Users/Shared/UnrealEngine/4.5/Engine/Source/Editor/UnrealEd/Public/Dialogs /Users/Shared/UnrealEngine/4.5/Engine/Source/Editor/UnrealEd/Public/DragAndDrop /Users/Shared/UnrealEngine/4.5/Engine/Source/Editor/UnrealEd/Public/Features /Users/Shared/UnrealEngine/4.5/Engine/Source/Editor/UnrealEd/Public/Kismet2 /Users/Shared/UnrealEngine/4.5/Engine/Source/Editor/UnrealEd/Public/Layers /Users/Shared/UnrealEngine/4.5/Engine/Source/Editor/UnrealEd/Public/Tests /Users/Shared/UnrealEngine/4.5/Engine/Source/Editor/UnrealEd/Public/Toolkits /Users/Shared/UnrealEngine/4.5/Engine/Intermediate/Build/Mac/Inc/BspMode /Users/Shared/UnrealEngine/4.5/Engine/Source/Editor/BspMode/Public /Users/Shared/UnrealEngine/4.5/Engine/Source/Editor/BspMode /Users/Shared/UnrealEngine/4.5/Engine/Intermediate/Build/Mac/Inc/Documentation /Users/Shared/UnrealEngine/4.5/Engine/Source/Editor/Documentation/Public /Users/Shared/UnrealEngine/4.5/Engine/Source/Editor/Documentation /Users/Shared/UnrealEngine/4.5/Engine/Intermediate/Build/Mac/Inc/Projects /Users/Shared/UnrealEngine/4.5/Engine/Source/Runtime/Projects/Public /Users/Shared/UnrealEngine/4.5/Engine/Source/Runtime/Projects/Public/Interfaces /Users/Shared/UnrealEngine/4.5/Engine/Source/Runtime/Projects /Users/Shared/UnrealEngine/4.5/Engine/Intermediate/Build/Mac/Inc/SandboxFile /Users/Shared/UnrealEngine/4.5/Engine/Source/Runtime/SandboxFile/Public /Users/Shared/UnrealEngine/4.5/Engine/Source/Runtime/SandboxFile /Users/Shared/UnrealEngine/4.5/Engine/Intermediate/Build/Mac/Inc/EditorStyle /Users/Shared/UnrealEngine/4.5/Engine/Source/Editor/EditorStyle/Public /Users/Shared/UnrealEngine/4.5/Engine/Source/Editor/EditorStyle/Public/Classes /Users/Shared/UnrealEngine/4.5/Engine/Source/Editor/EditorStyle/Public/Interfaces /Users/Shared/UnrealEngine/4.5/Engine/Source/Editor/EditorStyle /Users/Shared/UnrealEngine/4.5/Engine/Intermediate/Build/Mac/Inc/SourceControl /Users/Shared/UnrealEngine/4.5/Engine/Source/Developer/SourceControl/Public /Users/Shared/UnrealEngine/4.5/Engine/Source/Developer/SourceControl/Public/Tests /Users/Shared/UnrealEngine/4.5/Engine/Source/Developer/SourceControl /Users/Shared/UnrealEngine/4.5/Engine/Source/Editor/UnrealEdMessages/Classes /Users/Shared/UnrealEngine/4.5/Engine/Intermediate/Build/Mac/Inc/UnrealEdMessages /Users/Shared/UnrealEngine/4.5/Engine/Source/Editor/UnrealEdMessages/Public /Users/Shared/UnrealEngine/4.5/Engine/Source/Editor/UnrealEdMessages /Users/Shared/UnrealEngine/4.5/Engine/Source/Editor/BlueprintGraph/Classes /Users/Shared/UnrealEngine/4.5/Engine/Intermediate/Build/Mac/Inc/BlueprintGraph /Users/Shared/UnrealEngine/4.5/Engine/Source/Editor/BlueprintGraph/Public /Users/Shared/UnrealEngine/4.5/Engine/Source/Editor/BlueprintGraph /Users/Shared/UnrealEngine/4.5/Engine/Intermediate/Build/Mac/Inc/UserFeedback /Users/Shared/UnrealEngine/4.5/Engine/Source/Editor/UserFeedback/Public /Users/Shared/UnrealEngine/4.5/Engine/Source/Editor/UserFeedback /Users/Shared/UnrealEngine/4.5/Engine/Intermediate/Build/Mac/Inc/CollectionManager /Users/Shared/UnrealEngine/4.5/Engine/Source/Developer/CollectionManager/Public /Users/Shared/UnrealEngine/4.5/Engine/Source/Developer/CollectionManager /Users/Shared/UnrealEngine/4.5/Engine/Source/Editor/UnrealEd /Users/Shared/UnrealEngine/4.5/Engine/Source/Editor/Kismet/Classes /Users/Shared/UnrealEngine/4.5/Engine/Intermediate/Build/Mac/Inc/Kismet /Users/Shared/UnrealEngine/4.5/Engine/Source/Editor/Kismet/Public /Users/Shared/UnrealEngine/4.5/Engine/Source/Editor/Kismet/Public/WorkflowOrientedApp /Users/Shared/UnrealEngine/4.5/Engine/Source/Editor/Kismet";
				USE_HEADERMAP = NO;
			};
			name = Shipping;
		};
		52225273DFF1A3D468C1577A /* Development */ = {
			isa = XCBuildConfiguration;
			buildSettings = {
				COMBINE_HIDPI_IMAGES = YES;
				CONFIGURATION_BUILD_DIR = Engine/Binaries/IOS/Payload;
				GCC_PRECOMPILE_PREFIX_HEADER = YES;
				GCC_PREFIX_HEADER = /Users/Shared/UnrealEngine/4.5/Engine/Source/Editor/UnrealEd/Public/UnrealEd.h;
				IPHONEOS_DEPLOYMENT_TARGET = 6.0;
				MACOSX_DEPLOYMENT_TARGET = 10.9;
				"PRODUCT_NAME[sdk=iphoneos*]" = "$(TARGET_NAME)";
				"PRODUCT_NAME[sdk=iphonesimulator*]" = "$(TARGET_NAME)-simulator";
				"PRODUCT_NAME[sdk=macosx*]" = "$(TARGET_NAME)";
				SDKROOT = macosx;
				"SDKROOT[arch=arm*]" = iphoneos;
				"SDKROOT[arch=x86_64]" = macosx;
				SUPPORTED_PLATFORMS = "macosx iphoneos iphonesimulator";
				TARGETED_DEVICE_FAMILY = "1,2";
				VALID_ARCHS = "x86_64 arm64 armv7 armv7s";
			};
			name = Development;
		};
		6029578830DA638243DE8E0B /* Development */ = {
			isa = XCBuildConfiguration;
			buildSettings = {
				COMBINE_HIDPI_IMAGES = YES;
				CONFIGURATION_BUILD_DIR = Engine/Binaries/IOS/Payload;
				GCC_PRECOMPILE_PREFIX_HEADER = YES;
				GCC_PREFIX_HEADER = /Users/Shared/UnrealEngine/4.5/Engine/Source/Editor/UnrealEd/Public/UnrealEd.h;
				IPHONEOS_DEPLOYMENT_TARGET = 6.0;
				MACOSX_DEPLOYMENT_TARGET = 10.9;
				"PRODUCT_NAME[sdk=iphoneos*]" = "$(TARGET_NAME)";
				"PRODUCT_NAME[sdk=iphonesimulator*]" = "$(TARGET_NAME)-simulator";
				"PRODUCT_NAME[sdk=macosx*]" = "$(TARGET_NAME)";
				SDKROOT = macosx;
				"SDKROOT[arch=arm*]" = iphoneos;
				"SDKROOT[arch=x86_64]" = macosx;
				SUPPORTED_PLATFORMS = "macosx iphoneos iphonesimulator";
				TARGETED_DEVICE_FAMILY = "1,2";
				VALID_ARCHS = "x86_64 arm64 armv7 armv7s";
			};
			name = Development;
		};
		7298C535FFB31C2F2A0DF4D3 /* DebugGame */ = {
			isa = XCBuildConfiguration;
			buildSettings = {
				"CODE_SIGN_IDENTITY[sdk=iphoneos*]" = "iPhone Developer";
				CODE_SIGN_RESOURCE_RULES_PATH = /Users/Shared/UnrealEngine/4.5/Engine/Build/iOS/XcodeSupportFiles/CustomResourceRules.plist;
				CONFIGURATION_BUILD_DIR = "/Users/randydijkstra/Workspace/Game Development/UE4/MOOnshineWorks/Binaries/IOS/Payload";
				GCC_PREPROCESSOR_DEFINITIONS = "";
				HEADER_SEARCH_PATHS = "";
				INFOPLIST_FILE = "/Users/randydijkstra/Workspace/Game Development/UE4/MOOnshineWorks/Intermediate/IOS/MOOnshineWorks-Info.plist";
				INFOPLIST_OUTPUT_FORMAT = xml;
				IPHONEOS_DEPLOYMENT_TARGET = 6.0;
				OBJROOT = "/Users/randydijkstra/Workspace/Game Development/UE4/MOOnshineWorks/Intermediate/IOS/build";
				"PRODUCT_NAME[sdk=iphoneos*]" = MOOnshineWorks;
				"PRODUCT_NAME[sdk=iphonesimulator*]" = "MOOnshineWorks-simulator";
				"PROVISIONING_PROFILE[sdk=iphoneos*]" = "";
				SDKROOT = iphoneos;
				SUPPORTED_PLATFORMS = "iphoneos iphonesimulator";
				SYMROOT = "/Users/randydijkstra/Workspace/Game Development/UE4/MOOnshineWorks/Binaries/IOS";
				TARGETED_DEVICE_FAMILY = "1,2";
				USER_HEADER_SEARCH_PATHS = "";
			};
			name = DebugGame;
		};
		7A3B692D8EC585BB3FD0F8FD /* DebugGame */ = {
			isa = XCBuildConfiguration;
			buildSettings = {
				COMBINE_HIDPI_IMAGES = YES;
				CONFIGURATION_BUILD_DIR = Engine/Binaries/IOS/Payload;
				GCC_PRECOMPILE_PREFIX_HEADER = YES;
				GCC_PREFIX_HEADER = /Users/Shared/UnrealEngine/4.5/Engine/Source/Editor/UnrealEd/Public/UnrealEd.h;
				IPHONEOS_DEPLOYMENT_TARGET = 6.0;
				MACOSX_DEPLOYMENT_TARGET = 10.9;
				"PRODUCT_NAME[sdk=iphoneos*]" = "$(TARGET_NAME)";
				"PRODUCT_NAME[sdk=iphonesimulator*]" = "$(TARGET_NAME)-simulator";
				"PRODUCT_NAME[sdk=macosx*]" = "$(TARGET_NAME)";
				SDKROOT = macosx;
				"SDKROOT[arch=arm*]" = iphoneos;
				"SDKROOT[arch=x86_64]" = macosx;
				SUPPORTED_PLATFORMS = "macosx iphoneos iphonesimulator";
				TARGETED_DEVICE_FAMILY = "1,2";
				VALID_ARCHS = "x86_64 arm64 armv7 armv7s";
			};
			name = DebugGame;
		};
		7CC7A084A4947195A832482C /* Development */ = {
			isa = XCBuildConfiguration;
			buildSettings = {
				"CODE_SIGN_IDENTITY[sdk=iphoneos*]" = "iPhone Developer";
				CODE_SIGN_RESOURCE_RULES_PATH = /Users/Shared/UnrealEngine/4.5/Engine/Build/iOS/XcodeSupportFiles/CustomResourceRules.plist;
				CONFIGURATION_BUILD_DIR = "/Users/randydijkstra/Workspace/Game Development/UE4/MOOnshineWorks/Binaries/IOS/Payload";
				GCC_PREPROCESSOR_DEFINITIONS = "";
				HEADER_SEARCH_PATHS = "";
				INFOPLIST_FILE = "/Users/randydijkstra/Workspace/Game Development/UE4/MOOnshineWorks/Intermediate/IOS/MOOnshineWorks-Info.plist";
				INFOPLIST_OUTPUT_FORMAT = xml;
				IPHONEOS_DEPLOYMENT_TARGET = 6.0;
				OBJROOT = "/Users/randydijkstra/Workspace/Game Development/UE4/MOOnshineWorks/Intermediate/IOS/build";
				"PRODUCT_NAME[sdk=iphoneos*]" = MOOnshineWorks;
				"PRODUCT_NAME[sdk=iphonesimulator*]" = "MOOnshineWorks-simulator";
				"PROVISIONING_PROFILE[sdk=iphoneos*]" = "";
				SDKROOT = iphoneos;
				SUPPORTED_PLATFORMS = "iphoneos iphonesimulator";
				SYMROOT = "/Users/randydijkstra/Workspace/Game Development/UE4/MOOnshineWorks/Binaries/IOS";
				TARGETED_DEVICE_FAMILY = "1,2";
				USER_HEADER_SEARCH_PATHS = "";
			};
			name = Development;
		};
		85596FB6CE91F8C3DCE657E0 /* Shipping */ = {
			isa = XCBuildConfiguration;
			buildSettings = {
				COMBINE_HIDPI_IMAGES = YES;
				CONFIGURATION_BUILD_DIR = Engine/Binaries/IOS/Payload;
				GCC_PRECOMPILE_PREFIX_HEADER = YES;
				GCC_PREFIX_HEADER = /Users/Shared/UnrealEngine/4.5/Engine/Source/Editor/UnrealEd/Public/UnrealEd.h;
				IPHONEOS_DEPLOYMENT_TARGET = 6.0;
				MACOSX_DEPLOYMENT_TARGET = 10.9;
				"PRODUCT_NAME[sdk=iphoneos*]" = "$(TARGET_NAME)";
				"PRODUCT_NAME[sdk=iphonesimulator*]" = "$(TARGET_NAME)-simulator";
				"PRODUCT_NAME[sdk=macosx*]" = "$(TARGET_NAME)";
				SDKROOT = macosx;
				"SDKROOT[arch=arm*]" = iphoneos;
				"SDKROOT[arch=x86_64]" = macosx;
				SUPPORTED_PLATFORMS = "macosx iphoneos iphonesimulator";
				TARGETED_DEVICE_FAMILY = "1,2";
				VALID_ARCHS = "x86_64 arm64 armv7 armv7s";
			};
			name = Shipping;
		};
		8ECEEA9EC2004E8ED775D5ED /* Development */ = {
			isa = XCBuildConfiguration;
			buildSettings = {
				COMBINE_HIDPI_IMAGES = YES;
				GCC_PRECOMPILE_PREFIX_HEADER = YES;
				GCC_PREFIX_HEADER = /Users/Shared/UnrealEngine/4.5/Engine/Source/Editor/UnrealEd/Public/UnrealEd.h;
				MACOSX_DEPLOYMENT_TARGET = 10.9;
				PRODUCT_NAME = "$(TARGET_NAME)";
				SDKROOT = macosx;
				VALID_ARCHS = x86_64;
			};
			name = Development;
		};
		A4D012BA00E942CE3E13ED28 /* DebugGame */ = {
			isa = XCBuildConfiguration;
			buildSettings = {
				COMBINE_HIDPI_IMAGES = YES;
				CONFIGURATION_BUILD_DIR = Engine/Binaries/IOS/Payload;
				GCC_PRECOMPILE_PREFIX_HEADER = YES;
				GCC_PREFIX_HEADER = /Users/Shared/UnrealEngine/4.5/Engine/Source/Editor/UnrealEd/Public/UnrealEd.h;
				IPHONEOS_DEPLOYMENT_TARGET = 6.0;
				MACOSX_DEPLOYMENT_TARGET = 10.9;
				"PRODUCT_NAME[sdk=iphoneos*]" = "$(TARGET_NAME)";
				"PRODUCT_NAME[sdk=iphonesimulator*]" = "$(TARGET_NAME)-simulator";
				"PRODUCT_NAME[sdk=macosx*]" = "$(TARGET_NAME)";
				SDKROOT = macosx;
				"SDKROOT[arch=arm*]" = iphoneos;
				"SDKROOT[arch=x86_64]" = macosx;
				SUPPORTED_PLATFORMS = "macosx iphoneos iphonesimulator";
				TARGETED_DEVICE_FAMILY = "1,2";
				VALID_ARCHS = "x86_64 arm64 armv7 armv7s";
			};
			name = DebugGame;
		};
		AF8DCEC0EFCB86B2FEA83E67 /* Shipping */ = {
			isa = XCBuildConfiguration;
			buildSettings = {
				COMBINE_HIDPI_IMAGES = YES;
				CONFIGURATION_BUILD_DIR = Engine/Binaries/IOS/Payload;
				GCC_PRECOMPILE_PREFIX_HEADER = YES;
				GCC_PREFIX_HEADER = /Users/Shared/UnrealEngine/4.5/Engine/Source/Editor/UnrealEd/Public/UnrealEd.h;
				IPHONEOS_DEPLOYMENT_TARGET = 6.0;
				MACOSX_DEPLOYMENT_TARGET = 10.9;
				"PRODUCT_NAME[sdk=iphoneos*]" = "$(TARGET_NAME)";
				"PRODUCT_NAME[sdk=iphonesimulator*]" = "$(TARGET_NAME)-simulator";
				"PRODUCT_NAME[sdk=macosx*]" = "$(TARGET_NAME)";
				SDKROOT = macosx;
				"SDKROOT[arch=arm*]" = iphoneos;
				"SDKROOT[arch=x86_64]" = macosx;
				SUPPORTED_PLATFORMS = "macosx iphoneos iphonesimulator";
				TARGETED_DEVICE_FAMILY = "1,2";
				VALID_ARCHS = "x86_64 arm64 armv7 armv7s";
			};
			name = Shipping;
		};
		B3056409FD1826E2EF6196AD /* DebugGame */ = {
			isa = XCBuildConfiguration;
			buildSettings = {
				COMBINE_HIDPI_IMAGES = YES;
				GCC_PRECOMPILE_PREFIX_HEADER = YES;
				GCC_PREFIX_HEADER = /Users/Shared/UnrealEngine/4.5/Engine/Source/Editor/UnrealEd/Public/UnrealEd.h;
				MACOSX_DEPLOYMENT_TARGET = 10.9;
				PRODUCT_NAME = "$(TARGET_NAME)";
				SDKROOT = macosx;
				VALID_ARCHS = x86_64;
			};
			name = DebugGame;
		};
		BE9C3077E1F943F41CD9821F /* DebugGame */ = {
			isa = XCBuildConfiguration;
			buildSettings = {
				ALWAYS_SEARCH_USER_PATHS = NO;
				BUNDLE_LOADER = Binaries/IOS/Payload/UE4CmdLineRun.app/UE4CmdLineRun;
				CLANG_CXX_LANGUAGE_STANDARD = "gnu++0x";
				CLANG_CXX_LIBRARY = "libc++";
				CLANG_ENABLE_MODULES = YES;
				CLANG_ENABLE_OBJC_ARC = YES;
				CODE_SIGN_IDENTITY = "iPhone Developer";
				CODE_SIGN_RESOURCE_RULES_PATH = /Users/Shared/UnrealEngine/4.5/Engine/Build/iOS/XcodeSupportFiles/CustomResourceRules.plist;
				CONFIGURATION_BUILD_DIR = Binaries/IOS/Payload;
				COPY_PHASE_STRIP = NO;
				DYNAMIC_NO_PIC = NO;
				FRAMEWORK_SEARCH_PATHS = (
					"$(SDKROOT)/Developer/Library/Frameworks",
					"$(inherited)",
					"$(DEVELOPER_FRAMEWORKS_DIR)",
				);
				GCC_C_LANGUAGE_STANDARD = gnu99;
				GCC_PRECOMPILE_PREFIX_HEADER = NO;
				GCC_PREPROCESSOR_DEFINITIONS = "";
				GCC_SYMBOLS_PRIVATE_EXTERN = NO;
				HEADER_SEARCH_PATHS = "";
				INFOPLIST_FILE = "/Users/Shared/UnrealEngine/4.5/Engine/Build/IOS/UE4CmdLineRun/UE4CmdLineRun-Info.plist";
				IPHONEOS_DEPLOYMENT_TARGET = 7.0;
				OBJROOT = Intermediate/IOS/build;
				ONLY_ACTIVE_ARCH = NO;
				OPTIMIZATION_LEVEL = 0;
				PRODUCT_NAME = "$(TARGET_NAME)";
				SDKROOT = iphoneos;
				SUPPORTED_PLATFORMS = "iphoneos iphonesimulator";
				SYMROOT = Binaries/IOS;
				TEST_HOST = "$(BUNDLE_LOADER)";
				USER_HEADER_SEARCH_PATHS = "";
				WRAPPER_EXTENSION = xctest;
			};
			name = DebugGame;
		};
		C07DCF5AAAB848C47CD221DD /* Shipping */ = {
			isa = XCBuildConfiguration;
			buildSettings = {
				"CODE_SIGN_IDENTITY[sdk=iphoneos*]" = "iPhone Developer";
				CODE_SIGN_RESOURCE_RULES_PATH = /Users/Shared/UnrealEngine/4.5/Engine/Build/iOS/XcodeSupportFiles/CustomResourceRules.plist;
				CONFIGURATION_BUILD_DIR = "/Users/randydijkstra/Workspace/Game Development/UE4/MOOnshineWorks/Binaries/IOS/Payload";
				GCC_PREPROCESSOR_DEFINITIONS = "";
				HEADER_SEARCH_PATHS = "";
				INFOPLIST_FILE = "/Users/randydijkstra/Workspace/Game Development/UE4/MOOnshineWorks/Intermediate/IOS/MOOnshineWorks-Info.plist";
				INFOPLIST_OUTPUT_FORMAT = xml;
				IPHONEOS_DEPLOYMENT_TARGET = 6.0;
				OBJROOT = "/Users/randydijkstra/Workspace/Game Development/UE4/MOOnshineWorks/Intermediate/IOS/build";
				"PRODUCT_NAME[sdk=iphoneos*]" = MOOnshineWorks;
				"PRODUCT_NAME[sdk=iphonesimulator*]" = "MOOnshineWorks-simulator";
				"PROVISIONING_PROFILE[sdk=iphoneos*]" = "";
				SDKROOT = iphoneos;
				SUPPORTED_PLATFORMS = "iphoneos iphonesimulator";
				SYMROOT = "/Users/randydijkstra/Workspace/Game Development/UE4/MOOnshineWorks/Binaries/IOS";
				TARGETED_DEVICE_FAMILY = "1,2";
				USER_HEADER_SEARCH_PATHS = "";
			};
			name = Shipping;
		};
		C39DBEF837505267F32005E7 /* Shipping */ = {
			isa = XCBuildConfiguration;
			buildSettings = {
				COMBINE_HIDPI_IMAGES = YES;
				GCC_PRECOMPILE_PREFIX_HEADER = YES;
				GCC_PREFIX_HEADER = /Users/Shared/UnrealEngine/4.5/Engine/Source/Editor/UnrealEd/Public/UnrealEd.h;
				MACOSX_DEPLOYMENT_TARGET = 10.9;
				PRODUCT_NAME = "$(TARGET_NAME)";
				SDKROOT = macosx;
				VALID_ARCHS = x86_64;
			};
			name = Shipping;
		};
		CD2B4BAAD044778F03B18500 /* Development */ = {
			isa = XCBuildConfiguration;
			buildSettings = {
				ALWAYS_SEARCH_USER_PATHS = NO;
				CLANG_CXX_LANGUAGE_STANDARD = "c++0x";
				GCC_ENABLE_CPP_RTTI = NO;
				GCC_PREPROCESSOR_DEFINITIONS = (
					"UE_GAME=1",
					"IS_PROGRAM=0",
					"UE_ROCKET=1",
					UNICODE,
					_UNICODE,
					__UNREAL__,
					"IS_MONOLITHIC=1",
					"WITH_ENGINE=1",
					"WITH_UNREAL_DEVELOPER_TOOLS=0",
					"WITH_COREUOBJECT=1",
					"USE_STATS_WITHOUT_ENGINE=0",
					"WITH_PLUGIN_SUPPORT=0",
					"USE_LOGGING_IN_SHIPPING=0",
					"UE_BUILD_MINIMAL=1",
					"WITH_EDITOR=1",
					"WITH_EDITORONLY_DATA=1",
					"WITH_SERVER_CODE=1",
					"UBT_COMPILED_PLATFORM=Mac",
					"PLATFORM_MAC=1",
					"PLATFORM_APPLE=1",
					"WITH_TTS=0",
					"WITH_SPEECH_RECOGNITION=0",
					"WITH_DATABASE_SUPPORT=0",
					"NDEBUG=1",
					"UE_BUILD_DEVELOPMENT=1",
					"UE_PROJECT_NAME=MOOnshineWorks",
					"MOONSHINEWORKS_API=",
					"UE_ENABLE_ICU=1",
					"WITH_STEAMWORKS=0",
					"WITH_DIRECTXMATH=0",
					"CORE_API=",
					"COREUOBJECT_API=",
					"WITH_PHYSX=1",
					"WITH_APEX=1",
					WITH_RUNTIME_PHYSICS_COOKING,
					"WITH_BOX2D=0",
					"WITH_RECAST=1",
					"ENGINE_API=",
					"WITH_FREETYPE=1",
					"SLATE_API=",
					"INPUTCORE_API=",
					"SLATECORE_API=",
					"MESSAGING_API=",
					"RENDERCORE_API=",
					"RHI_API=",
					"SHADERCORE_API=",
					"ASSETREGISTRY_API=",
					"ENGINEMESSAGES_API=",
					"ENGINESETTINGS_API=",
					"SYNTHBENCHMARK_API=",
					"RENDERER_API=",
					"AIMODULE_API=",
					"UE_EDITOR=1",
					"UNREALED_API=",
					"BSPMODE_API=",
					"DOCUMENTATION_API=",
					"PROJECTS_API=",
					"SANDBOXFILE_API=",
					"EDITORSTYLE_API=",
					"SOURCECONTROL_API=",
					"UNREALEDMESSAGES_API=",
					"BLUEPRINTGRAPH_API=",
					"USERFEEDBACK_API=",
					"COLLECTIONMANAGER_API=",
					"KISMET_API=",
					"MONOLITHIC_BUILD=1",
				);
				GCC_WARN_CHECK_SWITCH_STATEMENTS = NO;
				HEADER_SEARCH_PATHS = "";
				ONLY_ACTIVE_ARCH = NO;
				SDKROOT = macosx;
				SUPPORTED_PLATFORMS = macosx;
				SYMROOT = Intermediate/Build;
				USER_HEADER_SEARCH_PATHS = "/Users/Shared/UnrealEngine/4.5/Engine/Source Source Intermediate/Build/Mac/MOOnshineWorks/Inc/MOOnshineWorks Source/MOOnshineWorks/Public /Users/Shared/UnrealEngine/4.5/Engine/Source/Runtime/Core/Public /Users/Shared/UnrealEngine/4.5/Engine/Source/Runtime/Core/Public/Internationalization /Users/Shared/UnrealEngine/4.5/Engine/Source/Runtime/Core/Public/Async /Users/Shared/UnrealEngine/4.5/Engine/Source/Runtime/Core/Public/Concurrency /Users/Shared/UnrealEngine/4.5/Engine/Source/Runtime/Core/Public/Containers /Users/Shared/UnrealEngine/4.5/Engine/Source/Runtime/Core/Public/Delegates /Users/Shared/UnrealEngine/4.5/Engine/Source/Runtime/Core/Public/GenericPlatform /Users/Shared/UnrealEngine/4.5/Engine/Source/Runtime/Core/Public/HAL /Users/Shared/UnrealEngine/4.5/Engine/Source/Runtime/Core/Public/Logging /Users/Shared/UnrealEngine/4.5/Engine/Source/Runtime/Core/Public/Math /Users/Shared/UnrealEngine/4.5/Engine/Source/Runtime/Core/Public/Misc /Users/Shared/UnrealEngine/4.5/Engine/Source/Runtime/Core/Public/Modules /Users/Shared/UnrealEngine/4.5/Engine/Source/Runtime/Core/Public/Modules/Boilerplate /Users/Shared/UnrealEngine/4.5/Engine/Source/Runtime/Core/Public/ProfilingDebugging /Users/Shared/UnrealEngine/4.5/Engine/Source/Runtime/Core/Public/Serialization /Users/Shared/UnrealEngine/4.5/Engine/Source/Runtime/Core/Public/Serialization/Json /Users/Shared/UnrealEngine/4.5/Engine/Source/Runtime/Core/Public/Serialization/Csv /Users/Shared/UnrealEngine/4.5/Engine/Source/Runtime/Core/Public/Stats /Users/Shared/UnrealEngine/4.5/Engine/Source/Runtime/Core/Public/Templates /Users/Shared/UnrealEngine/4.5/Engine/Source/Runtime/Core/Public/UObject /Users/Shared/UnrealEngine/4.5/Engine/Source/Runtime/Core/Public/Apple /Users/Shared/UnrealEngine/4.5/Engine/Source/Runtime/Core/Public/Mac /Users/Shared/UnrealEngine/4.5/Engine/Source/Runtime/Core /Users/Shared/UnrealEngine/4.5/Engine/Source/Runtime/CoreUObject/Classes /Users/Shared/UnrealEngine/4.5/Engine/Intermediate/Build/Mac/Inc/CoreUObject /Users/Shared/UnrealEngine/4.5/Engine/Source/Runtime/CoreUObject/Public /Users/Shared/UnrealEngine/4.5/Engine/Source/Runtime/CoreUObject/Public/Blueprint /Users/Shared/UnrealEngine/4.5/Engine/Source/Runtime/CoreUObject/Public/Misc /Users/Shared/UnrealEngine/4.5/Engine/Source/Runtime/CoreUObject/Public/Serialization /Users/Shared/UnrealEngine/4.5/Engine/Source/Runtime/CoreUObject/Public/Templates /Users/Shared/UnrealEngine/4.5/Engine/Source/Runtime/CoreUObject/Public/UObject /Users/Shared/UnrealEngine/4.5/Engine/Source/Runtime/CoreUObject /Users/Shared/UnrealEngine/4.5/Engine/Source/Runtime/Engine/Classes /Users/Shared/UnrealEngine/4.5/Engine/Intermediate/Build/Mac/Inc/Engine /Users/Shared/UnrealEngine/4.5/Engine/Source/Runtime/Engine/Public /Users/Shared/UnrealEngine/4.5/Engine/Source/Runtime/Engine/Public/AI /Users/Shared/UnrealEngine/4.5/Engine/Source/Runtime/Engine/Public/EdGraph /Users/Shared/UnrealEngine/4.5/Engine/Source/Runtime/Engine/Public/Features /Users/Shared/UnrealEngine/4.5/Engine/Source/Runtime/Engine/Public/Landscape /Users/Shared/UnrealEngine/4.5/Engine/Source/Runtime/Engine/Public/Net /Users/Shared/UnrealEngine/4.5/Engine/Source/Runtime/Engine/Public/Slate /Users/Shared/UnrealEngine/4.5/Engine/Source/Runtime/Engine/Public/Tests /Users/Shared/UnrealEngine/4.5/Engine/Source/Runtime/Engine/Public/AI/Navigation /Users/Shared/UnrealEngine/4.5/Engine/Intermediate/Build/Mac/Inc/Slate /Users/Shared/UnrealEngine/4.5/Engine/Source/Runtime/Slate/Public /Users/Shared/UnrealEngine/4.5/Engine/Source/Runtime/Slate/Public/Framework /Users/Shared/UnrealEngine/4.5/Engine/Source/Runtime/Slate/Public/Widgets /Users/Shared/UnrealEngine/4.5/Engine/Source/Runtime/Slate/Public/Framework/Application /Users/Shared/UnrealEngine/4.5/Engine/Source/Runtime/Slate/Public/Framework/Commands /Users/Shared/UnrealEngine/4.5/Engine/Source/Runtime/Slate/Public/Framework/Docking /Users/Shared/UnrealEngine/4.5/Engine/Source/Runtime/Slate/Public/Framework/Layout /Users/Shared/UnrealEngine/4.5/Engine/Source/Runtime/Slate/Public/Framework/MultiBox /Users/Shared/UnrealEngine/4.5/Engine/Source/Runtime/Slate/Public/Framework/Notifications /Users/Shared/UnrealEngine/4.5/Engine/Source/Runtime/Slate/Public/Framework/Styling /Users/Shared/UnrealEngine/4.5/Engine/Source/Runtime/Slate/Public/Framework/Text /Users/Shared/UnrealEngine/4.5/Engine/Source/Runtime/Slate/Public/Framework/Views /Users/Shared/UnrealEngine/4.5/Engine/Source/Runtime/Slate/Public/Framework/Text/IOS /Users/Shared/UnrealEngine/4.5/Engine/Source/Runtime/Slate/Public/Widgets/Colors /Users/Shared/UnrealEngine/4.5/Engine/Source/Runtime/Slate/Public/Widgets/Docking /Users/Shared/UnrealEngine/4.5/Engine/Source/Runtime/Slate/Public/Widgets/Images /Users/Shared/UnrealEngine/4.5/Engine/Source/Runtime/Slate/Public/Widgets/Input /Users/Shared/UnrealEngine/4.5/Engine/Source/Runtime/Slate/Public/Widgets/Layout /Users/Shared/UnrealEngine/4.5/Engine/Source/Runtime/Slate/Public/Widgets/Navigation /Users/Shared/UnrealEngine/4.5/Engine/Source/Runtime/Slate/Public/Widgets/Notifications /Users/Shared/UnrealEngine/4.5/Engine/Source/Runtime/Slate/Public/Widgets/Text /Users/Shared/UnrealEngine/4.5/Engine/Source/Runtime/Slate/Public/Widgets/Views /Users/Shared/UnrealEngine/4.5/Engine/Source/Runtime/InputCore/Classes /Users/Shared/UnrealEngine/4.5/Engine/Intermediate/Build/Mac/Inc/InputCore /Users/Shared/UnrealEngine/4.5/Engine/Source/Runtime/InputCore/Public /Users/Shared/UnrealEngine/4.5/Engine/Source/Runtime/InputCore /Users/Shared/UnrealEngine/4.5/Engine/Intermediate/Build/Mac/Inc/SlateCore /Users/Shared/UnrealEngine/4.5/Engine/Source/Runtime/SlateCore/Public /Users/Shared/UnrealEngine/4.5/Engine/Source/Runtime/SlateCore/Public/Animation /Users/Shared/UnrealEngine/4.5/Engine/Source/Runtime/SlateCore/Public/Application /Users/Shared/UnrealEngine/4.5/Engine/Source/Runtime/SlateCore/Public/Brushes /Users/Shared/UnrealEngine/4.5/Engine/Source/Runtime/SlateCore/Public/Fonts /Users/Shared/UnrealEngine/4.5/Engine/Source/Runtime/SlateCore/Public/Input /Users/Shared/UnrealEngine/4.5/Engine/Source/Runtime/SlateCore/Public/Layout /Users/Shared/UnrealEngine/4.5/Engine/Source/Runtime/SlateCore/Public/Logging /Users/Shared/UnrealEngine/4.5/Engine/Source/Runtime/SlateCore/Public/Rendering /Users/Shared/UnrealEngine/4.5/Engine/Source/Runtime/SlateCore/Public/Sound /Users/Shared/UnrealEngine/4.5/Engine/Source/Runtime/SlateCore/Public/Styling /Users/Shared/UnrealEngine/4.5/Engine/Source/Runtime/SlateCore/Public/Textures /Users/Shared/UnrealEngine/4.5/Engine/Source/Runtime/SlateCore/Public/Types /Users/Shared/UnrealEngine/4.5/Engine/Source/Runtime/SlateCore/Public/Widgets /Users/Shared/UnrealEngine/4.5/Engine/Source/Runtime/SlateCore /Users/Shared/UnrealEngine/4.5/Engine/Source/Runtime/Slate /Users/Shared/UnrealEngine/4.5/Engine/Intermediate/Build/Mac/Inc/Messaging /Users/Shared/UnrealEngine/4.5/Engine/Source/Runtime/Messaging/Public /Users/Shared/UnrealEngine/4.5/Engine/Source/Runtime/Messaging/Public/Common /Users/Shared/UnrealEngine/4.5/Engine/Source/Runtime/Messaging/Public/Interfaces /Users/Shared/UnrealEngine/4.5/Engine/Source/Runtime/Messaging /Users/Shared/UnrealEngine/4.5/Engine/Intermediate/Build/Mac/Inc/RenderCore /Users/Shared/UnrealEngine/4.5/Engine/Source/Runtime/RenderCore/Public /Users/Shared/UnrealEngine/4.5/Engine/Source/Runtime/RenderCore /Users/Shared/UnrealEngine/4.5/Engine/Intermediate/Build/Mac/Inc/RHI /Users/Shared/UnrealEngine/4.5/Engine/Source/Runtime/RHI/Public /Users/Shared/UnrealEngine/4.5/Engine/Source/Runtime/RHI /Users/Shared/UnrealEngine/4.5/Engine/Intermediate/Build/Mac/Inc/ShaderCore /Users/Shared/UnrealEngine/4.5/Engine/Source/Runtime/ShaderCore/Public /Users/Shared/UnrealEngine/4.5/Engine/Source/Runtime/ShaderCore /Users/Shared/UnrealEngine/4.5/Engine/Intermediate/Build/Mac/Inc/AssetRegistry /Users/Shared/UnrealEngine/4.5/Engine/Source/Runtime/AssetRegistry/Public /Users/Shared/UnrealEngine/4.5/Engine/Source/Runtime/AssetRegistry /Users/Shared/UnrealEngine/4.5/Engine/Source/Runtime/EngineMessages/Classes /Users/Shared/UnrealEngine/4.5/Engine/Intermediate/Build/Mac/Inc/EngineMessages /Users/Shared/UnrealEngine/4.5/Engine/Source/Runtime/EngineMessages/Public /Users/Shared/UnrealEngine/4.5/Engine/Source/Runtime/EngineMessages /Users/Shared/UnrealEngine/4.5/Engine/Source/Runtime/EngineSettings/Classes /Users/Shared/UnrealEngine/4.5/Engine/Intermediate/Build/Mac/Inc/EngineSettings /Users/Shared/UnrealEngine/4.5/Engine/Source/Runtime/EngineSettings/Public /Users/Shared/UnrealEngine/4.5/Engine/Source/Runtime/EngineSettings /Users/Shared/UnrealEngine/4.5/Engine/Intermediate/Build/Mac/Inc/SynthBenchmark /Users/Shared/UnrealEngine/4.5/Engine/Source/Developer/SynthBenchmark/Public /Users/Shared/UnrealEngine/4.5/Engine/Intermediate/Build/Mac/Inc/Renderer /Users/Shared/UnrealEngine/4.5/Engine/Source/Runtime/Renderer/Public /Users/Shared/UnrealEngine/4.5/Engine/Source/Runtime/Renderer /Users/Shared/UnrealEngine/4.5/Engine/Source/Developer/SynthBenchmark /Users/Shared/UnrealEngine/4.5/Engine/Source/Runtime/AIModule/Public /Users/Shared/UnrealEngine/4.5/Engine/Source/Runtime/AIModule/Classes /Users/Shared/UnrealEngine/4.5/Engine/Intermediate/Build/Mac/Inc/AIModule /Users/Shared/UnrealEngine/4.5/Engine/Source/Runtime/AIModule /Users/Shared/UnrealEngine/4.5/Engine/Source/Runtime/Engine Source/MOOnshineWorks Intermediate/Build/Mac/Inc/MOOnshineWorks /Users/Shared/UnrealEngine/4.5/Engine/Source/Programs/UnrealLightmass/Public /Users/Shared/UnrealEngine/4.5/Engine/Source/Editor/UnrealEd/Classes /Users/Shared/UnrealEngine/4.5/Engine/Intermediate/Build/Mac/Inc/UnrealEd /Users/Shared/UnrealEngine/4.5/Engine/Source/Editor/UnrealEd/Public /Users/Shared/UnrealEngine/4.5/Engine/Source/Editor/UnrealEd/Public/Commandlets /Users/Shared/UnrealEngine/4.5/Engine/Source/Editor/UnrealEd/Public/Dialogs /Users/Shared/UnrealEngine/4.5/Engine/Source/Editor/UnrealEd/Public/DragAndDrop /Users/Shared/UnrealEngine/4.5/Engine/Source/Editor/UnrealEd/Public/Features /Users/Shared/UnrealEngine/4.5/Engine/Source/Editor/UnrealEd/Public/Kismet2 /Users/Shared/UnrealEngine/4.5/Engine/Source/Editor/UnrealEd/Public/Layers /Users/Shared/UnrealEngine/4.5/Engine/Source/Editor/UnrealEd/Public/Tests /Users/Shared/UnrealEngine/4.5/Engine/Source/Editor/UnrealEd/Public/Toolkits /Users/Shared/UnrealEngine/4.5/Engine/Intermediate/Build/Mac/Inc/BspMode /Users/Shared/UnrealEngine/4.5/Engine/Source/Editor/BspMode/Public /Users/Shared/UnrealEngine/4.5/Engine/Source/Editor/BspMode /Users/Shared/UnrealEngine/4.5/Engine/Intermediate/Build/Mac/Inc/Documentation /Users/Shared/UnrealEngine/4.5/Engine/Source/Editor/Documentation/Public /Users/Shared/UnrealEngine/4.5/Engine/Source/Editor/Documentation /Users/Shared/UnrealEngine/4.5/Engine/Intermediate/Build/Mac/Inc/Projects /Users/Shared/UnrealEngine/4.5/Engine/Source/Runtime/Projects/Public /Users/Shared/UnrealEngine/4.5/Engine/Source/Runtime/Projects/Public/Interfaces /Users/Shared/UnrealEngine/4.5/Engine/Source/Runtime/Projects /Users/Shared/UnrealEngine/4.5/Engine/Intermediate/Build/Mac/Inc/SandboxFile /Users/Shared/UnrealEngine/4.5/Engine/Source/Runtime/SandboxFile/Public /Users/Shared/UnrealEngine/4.5/Engine/Source/Runtime/SandboxFile /Users/Shared/UnrealEngine/4.5/Engine/Intermediate/Build/Mac/Inc/EditorStyle /Users/Shared/UnrealEngine/4.5/Engine/Source/Editor/EditorStyle/Public /Users/Shared/UnrealEngine/4.5/Engine/Source/Editor/EditorStyle/Public/Classes /Users/Shared/UnrealEngine/4.5/Engine/Source/Editor/EditorStyle/Public/Interfaces /Users/Shared/UnrealEngine/4.5/Engine/Source/Editor/EditorStyle /Users/Shared/UnrealEngine/4.5/Engine/Intermediate/Build/Mac/Inc/SourceControl /Users/Shared/UnrealEngine/4.5/Engine/Source/Developer/SourceControl/Public /Users/Shared/UnrealEngine/4.5/Engine/Source/Developer/SourceControl/Public/Tests /Users/Shared/UnrealEngine/4.5/Engine/Source/Developer/SourceControl /Users/Shared/UnrealEngine/4.5/Engine/Source/Editor/UnrealEdMessages/Classes /Users/Shared/UnrealEngine/4.5/Engine/Intermediate/Build/Mac/Inc/UnrealEdMessages /Users/Shared/UnrealEngine/4.5/Engine/Source/Editor/UnrealEdMessages/Public /Users/Shared/UnrealEngine/4.5/Engine/Source/Editor/UnrealEdMessages /Users/Shared/UnrealEngine/4.5/Engine/Source/Editor/BlueprintGraph/Classes /Users/Shared/UnrealEngine/4.5/Engine/Intermediate/Build/Mac/Inc/BlueprintGraph /Users/Shared/UnrealEngine/4.5/Engine/Source/Editor/BlueprintGraph/Public /Users/Shared/UnrealEngine/4.5/Engine/Source/Editor/BlueprintGraph /Users/Shared/UnrealEngine/4.5/Engine/Intermediate/Build/Mac/Inc/UserFeedback /Users/Shared/UnrealEngine/4.5/Engine/Source/Editor/UserFeedback/Public /Users/Shared/UnrealEngine/4.5/Engine/Source/Editor/UserFeedback /Users/Shared/UnrealEngine/4.5/Engine/Intermediate/Build/Mac/Inc/CollectionManager /Users/Shared/UnrealEngine/4.5/Engine/Source/Developer/CollectionManager/Public /Users/Shared/UnrealEngine/4.5/Engine/Source/Developer/CollectionManager /Users/Shared/UnrealEngine/4.5/Engine/Source/Editor/UnrealEd /Users/Shared/UnrealEngine/4.5/Engine/Source/Editor/Kismet/Classes /Users/Shared/UnrealEngine/4.5/Engine/Intermediate/Build/Mac/Inc/Kismet /Users/Shared/UnrealEngine/4.5/Engine/Source/Editor/Kismet/Public /Users/Shared/UnrealEngine/4.5/Engine/Source/Editor/Kismet/Public/WorkflowOrientedApp /Users/Shared/UnrealEngine/4.5/Engine/Source/Editor/Kismet";
				USE_HEADERMAP = NO;
			};
			name = Development;
		};
		D30D71E001591145B07C34E6 /* DebugGame */ = {
			isa = XCBuildConfiguration;
			buildSettings = {
				ALWAYS_SEARCH_USER_PATHS = NO;
				CLANG_CXX_LANGUAGE_STANDARD = "c++0x";
				GCC_ENABLE_CPP_RTTI = NO;
				GCC_PREPROCESSOR_DEFINITIONS = (
					"UE_GAME=1",
					"IS_PROGRAM=0",
					"UE_ROCKET=1",
					UNICODE,
					_UNICODE,
					__UNREAL__,
					"IS_MONOLITHIC=1",
					"WITH_ENGINE=1",
					"WITH_UNREAL_DEVELOPER_TOOLS=0",
					"WITH_COREUOBJECT=1",
					"USE_STATS_WITHOUT_ENGINE=0",
					"WITH_PLUGIN_SUPPORT=0",
					"USE_LOGGING_IN_SHIPPING=0",
					"UE_BUILD_MINIMAL=1",
					"WITH_EDITOR=1",
					"WITH_EDITORONLY_DATA=1",
					"WITH_SERVER_CODE=1",
					"UBT_COMPILED_PLATFORM=Mac",
					"PLATFORM_MAC=1",
					"PLATFORM_APPLE=1",
					"WITH_TTS=0",
					"WITH_SPEECH_RECOGNITION=0",
					"WITH_DATABASE_SUPPORT=0",
					"NDEBUG=1",
					"UE_BUILD_DEVELOPMENT=1",
					"UE_PROJECT_NAME=MOOnshineWorks",
					"MOONSHINEWORKS_API=",
					"UE_ENABLE_ICU=1",
					"WITH_STEAMWORKS=0",
					"WITH_DIRECTXMATH=0",
					"CORE_API=",
					"COREUOBJECT_API=",
					"WITH_PHYSX=1",
					"WITH_APEX=1",
					WITH_RUNTIME_PHYSICS_COOKING,
					"WITH_BOX2D=0",
					"WITH_RECAST=1",
					"ENGINE_API=",
					"WITH_FREETYPE=1",
					"SLATE_API=",
					"INPUTCORE_API=",
					"SLATECORE_API=",
					"MESSAGING_API=",
					"RENDERCORE_API=",
					"RHI_API=",
					"SHADERCORE_API=",
					"ASSETREGISTRY_API=",
					"ENGINEMESSAGES_API=",
					"ENGINESETTINGS_API=",
					"SYNTHBENCHMARK_API=",
					"RENDERER_API=",
					"AIMODULE_API=",
					"UE_EDITOR=1",
					"UNREALED_API=",
					"BSPMODE_API=",
					"DOCUMENTATION_API=",
					"PROJECTS_API=",
					"SANDBOXFILE_API=",
					"EDITORSTYLE_API=",
					"SOURCECONTROL_API=",
					"UNREALEDMESSAGES_API=",
					"BLUEPRINTGRAPH_API=",
					"USERFEEDBACK_API=",
					"COLLECTIONMANAGER_API=",
					"KISMET_API=",
					"MONOLITHIC_BUILD=1",
				);
				GCC_WARN_CHECK_SWITCH_STATEMENTS = NO;
				HEADER_SEARCH_PATHS = "";
				ONLY_ACTIVE_ARCH = NO;
				SDKROOT = macosx;
				SUPPORTED_PLATFORMS = macosx;
				SYMROOT = Intermediate/Build;
				USER_HEADER_SEARCH_PATHS = "/Users/Shared/UnrealEngine/4.5/Engine/Source Source Intermediate/Build/Mac/MOOnshineWorks/Inc/MOOnshineWorks Source/MOOnshineWorks/Public /Users/Shared/UnrealEngine/4.5/Engine/Source/Runtime/Core/Public /Users/Shared/UnrealEngine/4.5/Engine/Source/Runtime/Core/Public/Internationalization /Users/Shared/UnrealEngine/4.5/Engine/Source/Runtime/Core/Public/Async /Users/Shared/UnrealEngine/4.5/Engine/Source/Runtime/Core/Public/Concurrency /Users/Shared/UnrealEngine/4.5/Engine/Source/Runtime/Core/Public/Containers /Users/Shared/UnrealEngine/4.5/Engine/Source/Runtime/Core/Public/Delegates /Users/Shared/UnrealEngine/4.5/Engine/Source/Runtime/Core/Public/GenericPlatform /Users/Shared/UnrealEngine/4.5/Engine/Source/Runtime/Core/Public/HAL /Users/Shared/UnrealEngine/4.5/Engine/Source/Runtime/Core/Public/Logging /Users/Shared/UnrealEngine/4.5/Engine/Source/Runtime/Core/Public/Math /Users/Shared/UnrealEngine/4.5/Engine/Source/Runtime/Core/Public/Misc /Users/Shared/UnrealEngine/4.5/Engine/Source/Runtime/Core/Public/Modules /Users/Shared/UnrealEngine/4.5/Engine/Source/Runtime/Core/Public/Modules/Boilerplate /Users/Shared/UnrealEngine/4.5/Engine/Source/Runtime/Core/Public/ProfilingDebugging /Users/Shared/UnrealEngine/4.5/Engine/Source/Runtime/Core/Public/Serialization /Users/Shared/UnrealEngine/4.5/Engine/Source/Runtime/Core/Public/Serialization/Json /Users/Shared/UnrealEngine/4.5/Engine/Source/Runtime/Core/Public/Serialization/Csv /Users/Shared/UnrealEngine/4.5/Engine/Source/Runtime/Core/Public/Stats /Users/Shared/UnrealEngine/4.5/Engine/Source/Runtime/Core/Public/Templates /Users/Shared/UnrealEngine/4.5/Engine/Source/Runtime/Core/Public/UObject /Users/Shared/UnrealEngine/4.5/Engine/Source/Runtime/Core/Public/Apple /Users/Shared/UnrealEngine/4.5/Engine/Source/Runtime/Core/Public/Mac /Users/Shared/UnrealEngine/4.5/Engine/Source/Runtime/Core /Users/Shared/UnrealEngine/4.5/Engine/Source/Runtime/CoreUObject/Classes /Users/Shared/UnrealEngine/4.5/Engine/Intermediate/Build/Mac/Inc/CoreUObject /Users/Shared/UnrealEngine/4.5/Engine/Source/Runtime/CoreUObject/Public /Users/Shared/UnrealEngine/4.5/Engine/Source/Runtime/CoreUObject/Public/Blueprint /Users/Shared/UnrealEngine/4.5/Engine/Source/Runtime/CoreUObject/Public/Misc /Users/Shared/UnrealEngine/4.5/Engine/Source/Runtime/CoreUObject/Public/Serialization /Users/Shared/UnrealEngine/4.5/Engine/Source/Runtime/CoreUObject/Public/Templates /Users/Shared/UnrealEngine/4.5/Engine/Source/Runtime/CoreUObject/Public/UObject /Users/Shared/UnrealEngine/4.5/Engine/Source/Runtime/CoreUObject /Users/Shared/UnrealEngine/4.5/Engine/Source/Runtime/Engine/Classes /Users/Shared/UnrealEngine/4.5/Engine/Intermediate/Build/Mac/Inc/Engine /Users/Shared/UnrealEngine/4.5/Engine/Source/Runtime/Engine/Public /Users/Shared/UnrealEngine/4.5/Engine/Source/Runtime/Engine/Public/AI /Users/Shared/UnrealEngine/4.5/Engine/Source/Runtime/Engine/Public/EdGraph /Users/Shared/UnrealEngine/4.5/Engine/Source/Runtime/Engine/Public/Features /Users/Shared/UnrealEngine/4.5/Engine/Source/Runtime/Engine/Public/Landscape /Users/Shared/UnrealEngine/4.5/Engine/Source/Runtime/Engine/Public/Net /Users/Shared/UnrealEngine/4.5/Engine/Source/Runtime/Engine/Public/Slate /Users/Shared/UnrealEngine/4.5/Engine/Source/Runtime/Engine/Public/Tests /Users/Shared/UnrealEngine/4.5/Engine/Source/Runtime/Engine/Public/AI/Navigation /Users/Shared/UnrealEngine/4.5/Engine/Intermediate/Build/Mac/Inc/Slate /Users/Shared/UnrealEngine/4.5/Engine/Source/Runtime/Slate/Public /Users/Shared/UnrealEngine/4.5/Engine/Source/Runtime/Slate/Public/Framework /Users/Shared/UnrealEngine/4.5/Engine/Source/Runtime/Slate/Public/Widgets /Users/Shared/UnrealEngine/4.5/Engine/Source/Runtime/Slate/Public/Framework/Application /Users/Shared/UnrealEngine/4.5/Engine/Source/Runtime/Slate/Public/Framework/Commands /Users/Shared/UnrealEngine/4.5/Engine/Source/Runtime/Slate/Public/Framework/Docking /Users/Shared/UnrealEngine/4.5/Engine/Source/Runtime/Slate/Public/Framework/Layout /Users/Shared/UnrealEngine/4.5/Engine/Source/Runtime/Slate/Public/Framework/MultiBox /Users/Shared/UnrealEngine/4.5/Engine/Source/Runtime/Slate/Public/Framework/Notifications /Users/Shared/UnrealEngine/4.5/Engine/Source/Runtime/Slate/Public/Framework/Styling /Users/Shared/UnrealEngine/4.5/Engine/Source/Runtime/Slate/Public/Framework/Text /Users/Shared/UnrealEngine/4.5/Engine/Source/Runtime/Slate/Public/Framework/Views /Users/Shared/UnrealEngine/4.5/Engine/Source/Runtime/Slate/Public/Framework/Text/IOS /Users/Shared/UnrealEngine/4.5/Engine/Source/Runtime/Slate/Public/Widgets/Colors /Users/Shared/UnrealEngine/4.5/Engine/Source/Runtime/Slate/Public/Widgets/Docking /Users/Shared/UnrealEngine/4.5/Engine/Source/Runtime/Slate/Public/Widgets/Images /Users/Shared/UnrealEngine/4.5/Engine/Source/Runtime/Slate/Public/Widgets/Input /Users/Shared/UnrealEngine/4.5/Engine/Source/Runtime/Slate/Public/Widgets/Layout /Users/Shared/UnrealEngine/4.5/Engine/Source/Runtime/Slate/Public/Widgets/Navigation /Users/Shared/UnrealEngine/4.5/Engine/Source/Runtime/Slate/Public/Widgets/Notifications /Users/Shared/UnrealEngine/4.5/Engine/Source/Runtime/Slate/Public/Widgets/Text /Users/Shared/UnrealEngine/4.5/Engine/Source/Runtime/Slate/Public/Widgets/Views /Users/Shared/UnrealEngine/4.5/Engine/Source/Runtime/InputCore/Classes /Users/Shared/UnrealEngine/4.5/Engine/Intermediate/Build/Mac/Inc/InputCore /Users/Shared/UnrealEngine/4.5/Engine/Source/Runtime/InputCore/Public /Users/Shared/UnrealEngine/4.5/Engine/Source/Runtime/InputCore /Users/Shared/UnrealEngine/4.5/Engine/Intermediate/Build/Mac/Inc/SlateCore /Users/Shared/UnrealEngine/4.5/Engine/Source/Runtime/SlateCore/Public /Users/Shared/UnrealEngine/4.5/Engine/Source/Runtime/SlateCore/Public/Animation /Users/Shared/UnrealEngine/4.5/Engine/Source/Runtime/SlateCore/Public/Application /Users/Shared/UnrealEngine/4.5/Engine/Source/Runtime/SlateCore/Public/Brushes /Users/Shared/UnrealEngine/4.5/Engine/Source/Runtime/SlateCore/Public/Fonts /Users/Shared/UnrealEngine/4.5/Engine/Source/Runtime/SlateCore/Public/Input /Users/Shared/UnrealEngine/4.5/Engine/Source/Runtime/SlateCore/Public/Layout /Users/Shared/UnrealEngine/4.5/Engine/Source/Runtime/SlateCore/Public/Logging /Users/Shared/UnrealEngine/4.5/Engine/Source/Runtime/SlateCore/Public/Rendering /Users/Shared/UnrealEngine/4.5/Engine/Source/Runtime/SlateCore/Public/Sound /Users/Shared/UnrealEngine/4.5/Engine/Source/Runtime/SlateCore/Public/Styling /Users/Shared/UnrealEngine/4.5/Engine/Source/Runtime/SlateCore/Public/Textures /Users/Shared/UnrealEngine/4.5/Engine/Source/Runtime/SlateCore/Public/Types /Users/Shared/UnrealEngine/4.5/Engine/Source/Runtime/SlateCore/Public/Widgets /Users/Shared/UnrealEngine/4.5/Engine/Source/Runtime/SlateCore /Users/Shared/UnrealEngine/4.5/Engine/Source/Runtime/Slate /Users/Shared/UnrealEngine/4.5/Engine/Intermediate/Build/Mac/Inc/Messaging /Users/Shared/UnrealEngine/4.5/Engine/Source/Runtime/Messaging/Public /Users/Shared/UnrealEngine/4.5/Engine/Source/Runtime/Messaging/Public/Common /Users/Shared/UnrealEngine/4.5/Engine/Source/Runtime/Messaging/Public/Interfaces /Users/Shared/UnrealEngine/4.5/Engine/Source/Runtime/Messaging /Users/Shared/UnrealEngine/4.5/Engine/Intermediate/Build/Mac/Inc/RenderCore /Users/Shared/UnrealEngine/4.5/Engine/Source/Runtime/RenderCore/Public /Users/Shared/UnrealEngine/4.5/Engine/Source/Runtime/RenderCore /Users/Shared/UnrealEngine/4.5/Engine/Intermediate/Build/Mac/Inc/RHI /Users/Shared/UnrealEngine/4.5/Engine/Source/Runtime/RHI/Public /Users/Shared/UnrealEngine/4.5/Engine/Source/Runtime/RHI /Users/Shared/UnrealEngine/4.5/Engine/Intermediate/Build/Mac/Inc/ShaderCore /Users/Shared/UnrealEngine/4.5/Engine/Source/Runtime/ShaderCore/Public /Users/Shared/UnrealEngine/4.5/Engine/Source/Runtime/ShaderCore /Users/Shared/UnrealEngine/4.5/Engine/Intermediate/Build/Mac/Inc/AssetRegistry /Users/Shared/UnrealEngine/4.5/Engine/Source/Runtime/AssetRegistry/Public /Users/Shared/UnrealEngine/4.5/Engine/Source/Runtime/AssetRegistry /Users/Shared/UnrealEngine/4.5/Engine/Source/Runtime/EngineMessages/Classes /Users/Shared/UnrealEngine/4.5/Engine/Intermediate/Build/Mac/Inc/EngineMessages /Users/Shared/UnrealEngine/4.5/Engine/Source/Runtime/EngineMessages/Public /Users/Shared/UnrealEngine/4.5/Engine/Source/Runtime/EngineMessages /Users/Shared/UnrealEngine/4.5/Engine/Source/Runtime/EngineSettings/Classes /Users/Shared/UnrealEngine/4.5/Engine/Intermediate/Build/Mac/Inc/EngineSettings /Users/Shared/UnrealEngine/4.5/Engine/Source/Runtime/EngineSettings/Public /Users/Shared/UnrealEngine/4.5/Engine/Source/Runtime/EngineSettings /Users/Shared/UnrealEngine/4.5/Engine/Intermediate/Build/Mac/Inc/SynthBenchmark /Users/Shared/UnrealEngine/4.5/Engine/Source/Developer/SynthBenchmark/Public /Users/Shared/UnrealEngine/4.5/Engine/Intermediate/Build/Mac/Inc/Renderer /Users/Shared/UnrealEngine/4.5/Engine/Source/Runtime/Renderer/Public /Users/Shared/UnrealEngine/4.5/Engine/Source/Runtime/Renderer /Users/Shared/UnrealEngine/4.5/Engine/Source/Developer/SynthBenchmark /Users/Shared/UnrealEngine/4.5/Engine/Source/Runtime/AIModule/Public /Users/Shared/UnrealEngine/4.5/Engine/Source/Runtime/AIModule/Classes /Users/Shared/UnrealEngine/4.5/Engine/Intermediate/Build/Mac/Inc/AIModule /Users/Shared/UnrealEngine/4.5/Engine/Source/Runtime/AIModule /Users/Shared/UnrealEngine/4.5/Engine/Source/Runtime/Engine Source/MOOnshineWorks Intermediate/Build/Mac/Inc/MOOnshineWorks /Users/Shared/UnrealEngine/4.5/Engine/Source/Programs/UnrealLightmass/Public /Users/Shared/UnrealEngine/4.5/Engine/Source/Editor/UnrealEd/Classes /Users/Shared/UnrealEngine/4.5/Engine/Intermediate/Build/Mac/Inc/UnrealEd /Users/Shared/UnrealEngine/4.5/Engine/Source/Editor/UnrealEd/Public /Users/Shared/UnrealEngine/4.5/Engine/Source/Editor/UnrealEd/Public/Commandlets /Users/Shared/UnrealEngine/4.5/Engine/Source/Editor/UnrealEd/Public/Dialogs /Users/Shared/UnrealEngine/4.5/Engine/Source/Editor/UnrealEd/Public/DragAndDrop /Users/Shared/UnrealEngine/4.5/Engine/Source/Editor/UnrealEd/Public/Features /Users/Shared/UnrealEngine/4.5/Engine/Source/Editor/UnrealEd/Public/Kismet2 /Users/Shared/UnrealEngine/4.5/Engine/Source/Editor/UnrealEd/Public/Layers /Users/Shared/UnrealEngine/4.5/Engine/Source/Editor/UnrealEd/Public/Tests /Users/Shared/UnrealEngine/4.5/Engine/Source/Editor/UnrealEd/Public/Toolkits /Users/Shared/UnrealEngine/4.5/Engine/Intermediate/Build/Mac/Inc/BspMode /Users/Shared/UnrealEngine/4.5/Engine/Source/Editor/BspMode/Public /Users/Shared/UnrealEngine/4.5/Engine/Source/Editor/BspMode /Users/Shared/UnrealEngine/4.5/Engine/Intermediate/Build/Mac/Inc/Documentation /Users/Shared/UnrealEngine/4.5/Engine/Source/Editor/Documentation/Public /Users/Shared/UnrealEngine/4.5/Engine/Source/Editor/Documentation /Users/Shared/UnrealEngine/4.5/Engine/Intermediate/Build/Mac/Inc/Projects /Users/Shared/UnrealEngine/4.5/Engine/Source/Runtime/Projects/Public /Users/Shared/UnrealEngine/4.5/Engine/Source/Runtime/Projects/Public/Interfaces /Users/Shared/UnrealEngine/4.5/Engine/Source/Runtime/Projects /Users/Shared/UnrealEngine/4.5/Engine/Intermediate/Build/Mac/Inc/SandboxFile /Users/Shared/UnrealEngine/4.5/Engine/Source/Runtime/SandboxFile/Public /Users/Shared/UnrealEngine/4.5/Engine/Source/Runtime/SandboxFile /Users/Shared/UnrealEngine/4.5/Engine/Intermediate/Build/Mac/Inc/EditorStyle /Users/Shared/UnrealEngine/4.5/Engine/Source/Editor/EditorStyle/Public /Users/Shared/UnrealEngine/4.5/Engine/Source/Editor/EditorStyle/Public/Classes /Users/Shared/UnrealEngine/4.5/Engine/Source/Editor/EditorStyle/Public/Interfaces /Users/Shared/UnrealEngine/4.5/Engine/Source/Editor/EditorStyle /Users/Shared/UnrealEngine/4.5/Engine/Intermediate/Build/Mac/Inc/SourceControl /Users/Shared/UnrealEngine/4.5/Engine/Source/Developer/SourceControl/Public /Users/Shared/UnrealEngine/4.5/Engine/Source/Developer/SourceControl/Public/Tests /Users/Shared/UnrealEngine/4.5/Engine/Source/Developer/SourceControl /Users/Shared/UnrealEngine/4.5/Engine/Source/Editor/UnrealEdMessages/Classes /Users/Shared/UnrealEngine/4.5/Engine/Intermediate/Build/Mac/Inc/UnrealEdMessages /Users/Shared/UnrealEngine/4.5/Engine/Source/Editor/UnrealEdMessages/Public /Users/Shared/UnrealEngine/4.5/Engine/Source/Editor/UnrealEdMessages /Users/Shared/UnrealEngine/4.5/Engine/Source/Editor/BlueprintGraph/Classes /Users/Shared/UnrealEngine/4.5/Engine/Intermediate/Build/Mac/Inc/BlueprintGraph /Users/Shared/UnrealEngine/4.5/Engine/Source/Editor/BlueprintGraph/Public /Users/Shared/UnrealEngine/4.5/Engine/Source/Editor/BlueprintGraph /Users/Shared/UnrealEngine/4.5/Engine/Intermediate/Build/Mac/Inc/UserFeedback /Users/Shared/UnrealEngine/4.5/Engine/Source/Editor/UserFeedback/Public /Users/Shared/UnrealEngine/4.5/Engine/Source/Editor/UserFeedback /Users/Shared/UnrealEngine/4.5/Engine/Intermediate/Build/Mac/Inc/CollectionManager /Users/Shared/UnrealEngine/4.5/Engine/Source/Developer/CollectionManager/Public /Users/Shared/UnrealEngine/4.5/Engine/Source/Developer/CollectionManager /Users/Shared/UnrealEngine/4.5/Engine/Source/Editor/UnrealEd /Users/Shared/UnrealEngine/4.5/Engine/Source/Editor/Kismet/Classes /Users/Shared/UnrealEngine/4.5/Engine/Intermediate/Build/Mac/Inc/Kismet /Users/Shared/UnrealEngine/4.5/Engine/Source/Editor/Kismet/Public /Users/Shared/UnrealEngine/4.5/Engine/Source/Editor/Kismet/Public/WorkflowOrientedApp /Users/Shared/UnrealEngine/4.5/Engine/Source/Editor/Kismet";
				USE_HEADERMAP = NO;
			};
			name = DebugGame;
		};
/* End XCBuildConfiguration section */

/* Begin XCConfigurationList section */
		3397B24CD189DA9D64548528 /* Build configuration list for PBXLegacyTarget "MOOnshineWorks - Mac" */ = {
			isa = XCConfigurationList;
			buildConfigurations = (
				A4D012BA00E942CE3E13ED28 /* DebugGame */,
				52225273DFF1A3D468C1577A /* Development */,
				AF8DCEC0EFCB86B2FEA83E67 /* Shipping */,
			);
			defaultConfigurationIsVisible = 0;
			defaultConfigurationName = Development;
		};
		6028181650C886C91A9FBED0 /* Build configuration list for PBXNativeTarget "UE4CmdLineRun" */ = {
			isa = XCConfigurationList;
			buildConfigurations = (
				BE9C3077E1F943F41CD9821F /* DebugGame */,
				0CEFAB5A1899CC75420A1B8D /* Development */,
				1654B573D83F1CDE6DF27747 /* Shipping */,
			);
			defaultConfigurationIsVisible = 0;
			defaultConfigurationName = Development;
		};
		6C80F057548241D7663CECC5 /* Build configuration list for PBXProject "MOOnshineWorks" */ = {
			isa = XCConfigurationList;
			buildConfigurations = (
				D30D71E001591145B07C34E6 /* DebugGame */,
				CD2B4BAAD044778F03B18500 /* Development */,
				2165E139F0A34D8E3CE54651 /* Shipping */,
			);
			defaultConfigurationIsVisible = 0;
			defaultConfigurationName = Development;
		};
		71691D23B02BEEDBB5650509 /* Build configuration list for PBXNativeTarget "UE4XcodeHelper" */ = {
			isa = XCConfigurationList;
			buildConfigurations = (
				7A3B692D8EC585BB3FD0F8FD /* DebugGame */,
				6029578830DA638243DE8E0B /* Development */,
				85596FB6CE91F8C3DCE657E0 /* Shipping */,
			);
			defaultConfigurationIsVisible = 0;
			defaultConfigurationName = Development;
		};
		C6B2FF7FBB0C6ED89AB58424 /* Build configuration list for PBXLegacyTarget "MOOnshineWorksEditor - Mac" */ = {
			isa = XCConfigurationList;
			buildConfigurations = (
				B3056409FD1826E2EF6196AD /* DebugGame */,
				8ECEEA9EC2004E8ED775D5ED /* Development */,
				C39DBEF837505267F32005E7 /* Shipping */,
			);
			defaultConfigurationIsVisible = 0;
			defaultConfigurationName = Development;
		};
		C9593CE068915DC38157E739 /* Build configuration list for PBXNativeTarget "MOOnshineWorks - iOS" */ = {
			isa = XCConfigurationList;
			buildConfigurations = (
				7298C535FFB31C2F2A0DF4D3 /* DebugGame */,
				7CC7A084A4947195A832482C /* Development */,
				C07DCF5AAAB848C47CD221DD /* Shipping */,
			);
			defaultConfigurationIsVisible = 0;
			defaultConfigurationName = Development;
		};
/* End XCConfigurationList section */
	};
	rootObject = F065836E73C8A2F3415E76E1 /* Project object */;
}
